// !$*UTF8*$!
{
	archiveVersion = 1;
	classes = {
	};
	objectVersion = 46;
	objects = {
/* Begin PBXBuildFile section */
		0207DA581B56EA530066E2B4 /* Images.xcassets in Resources */ = {isa = PBXBuildFile; fileRef = 0207DA571B56EA530066E2B4 /* Images.xcassets */; };
		1D3623260D0F684500981E51 /* AppDelegate.m in Sources */ = {isa = PBXBuildFile; fileRef = 1D3623250D0F684500981E51 /* AppDelegate.m */; };
		1D60589B0D05DD56006BFB54 /* main.m in Sources */ = {isa = PBXBuildFile; fileRef = 29B97316FDCFA39411CA2CEA /* main.m */; };
		301BF552109A68D80062928A /* libCordova.a in Frameworks */ = {isa = PBXBuildFile; fileRef = 301BF535109A57CC0062928A /* libCordova.a */; };
		302D95F114D2391D003F00A1 /* MainViewController.m in Sources */ = {isa = PBXBuildFile; fileRef = 302D95EF14D2391D003F00A1 /* MainViewController.m */; };
		302D95F214D2391D003F00A1 /* MainViewController.xib in Resources */ = {isa = PBXBuildFile; fileRef = 302D95F014D2391D003F00A1 /* MainViewController.xib */; };
		3047A5121AB8059700498E2A /* build-debug.xcconfig in Resources */ = {isa = PBXBuildFile; fileRef = 3047A50F1AB8059700498E2A /* build-debug.xcconfig */; };
		3047A5131AB8059700498E2A /* build-release.xcconfig in Resources */ = {isa = PBXBuildFile; fileRef = 3047A5101AB8059700498E2A /* build-release.xcconfig */; };
		3047A5141AB8059700498E2A /* build.xcconfig in Resources */ = {isa = PBXBuildFile; fileRef = 3047A5111AB8059700498E2A /* build.xcconfig */; };
		6AFF5BF91D6E424B00AB3073 /* CDVLaunchScreen.storyboard in Resources */ = {isa = PBXBuildFile; fileRef = 6AFF5BF81D6E424B00AB3073 /* CDVLaunchScreen.storyboard */; };
		E445D4B4D0124E189167984A /* AppVersion.m in Sources */ = {isa = PBXBuildFile; fileRef = 95FDCDE259374958BD8ADA54 /* AppVersion.m */; };
		0CB7CEA4A2844E7CACABB704 /* CFCallNumber.m in Sources */ = {isa = PBXBuildFile; fileRef = D714CBE383B5498F8A8D8C0C /* CFCallNumber.m */; };
		5C46AE2C658142408D1F0FB1 /* CDVLogger.m in Sources */ = {isa = PBXBuildFile; fileRef = F662688D7C224663B9800E6C /* CDVLogger.m */; };
		C23CDBC0BE664C3983172EEC /* CDVDevice.m in Sources */ = {isa = PBXBuildFile; fileRef = 0B2B26E98D644B5884D1BB15 /* CDVDevice.m */; };
		DA1E418230644A29A5EBB866 /* CDVFile.m in Sources */ = {isa = PBXBuildFile; fileRef = 8FA23D0549584DEBB710D76D /* CDVFile.m */; };
		7C85705462254A818FFC70BE /* CDVLocalFilesystem.m in Sources */ = {isa = PBXBuildFile; fileRef = 34AE404F2DBF43D38D71B52B /* CDVLocalFilesystem.m */; };
		1E63A58E91854C5283433DBA /* CDVAssetLibraryFilesystem.m in Sources */ = {isa = PBXBuildFile; fileRef = 099F25D6916940B6BF3EF33F /* CDVAssetLibraryFilesystem.m */; };
		E0CEF114C18F468AA422B361 /* HockeyApp.m in Sources */ = {isa = PBXBuildFile; fileRef = 28BE86BF3B5F49DFAAE7822C /* HockeyApp.m */; };
		6FAD19BB62844F5EAC5EE67B /* HockeySDKResources.bundle in Resources */ = {isa = PBXBuildFile; fileRef = 8EC44C48ADA145AEB7D4DF5D /* HockeySDKResources.bundle */; };
		3919D2179D0D480AAFCE51CB /* HockeySDK.framework in Frameworks */ = {isa = PBXBuildFile; fileRef = A17BB6C49AA6419FB773A375 /* HockeySDK.framework */; };
		DA61FD512B0147C0A562A4D3 /* libstdc++.dylib in Frameworks */ = {isa = PBXBuildFile; fileRef = 73BD289A062143CB98DEEC60 /* libstdc++.dylib */; };
		02C2A13A7F2940149D64AE17 /* libc++.dylib in Frameworks */ = {isa = PBXBuildFile; fileRef = 10878FB8273A4198B42C7EAA /* libc++.dylib */; };
		F2EDC5CA93ED42538F535433 /* libz.tbd in Frameworks */ = {isa = PBXBuildFile; fileRef = 099F9D2C6D0F487098BBECF3 /* libz.tbd */; };
		92C6459C57D1486493E86E6F /* CoreText.framework in Frameworks */ = {isa = PBXBuildFile; fileRef = 75179DDC1BCD410B87A17C11 /* CoreText.framework */; };
		6277FCF23F454FF3A52656F4 /* CoreTelephony.framework in Frameworks */ = {isa = PBXBuildFile; fileRef = 84E6939F21F54CF487EF757C /* CoreTelephony.framework */; };
		AF0D7C18F42845A98608C20F /* Foundation.framework in Frameworks */ = {isa = PBXBuildFile; fileRef = EB5930E786C44D918713DA0A /* Foundation.framework */; };
		6570845409BE44A294C40A47 /* Photos.framework in Frameworks */ = {isa = PBXBuildFile; fileRef = 78E00A56DF3544BBACB51DD5 /* Photos.framework */; };
		85FD8877EE83451BB5B46765 /* QuartzCore.framework in Frameworks */ = {isa = PBXBuildFile; fileRef = 33485F756E24423EA9AC79E0 /* QuartzCore.framework */; };
		F2BA3CF53DFB43B88FCC9B8C /* QuickLook.framework in Frameworks */ = {isa = PBXBuildFile; fileRef = 030ACD0E19DB4F4FBF848C95 /* QuickLook.framework */; };
		45C98738DC9E47B8A9E44B2D /* Security.framework in Frameworks */ = {isa = PBXBuildFile; fileRef = 25AF6BEE7ABE42CAB713FBF4 /* Security.framework */; };
		5E6E7653D5774779A527CD9B /* SystemConfiguration.framework in Frameworks */ = {isa = PBXBuildFile; fileRef = 9D0A27EA64DF4385A197D213 /* SystemConfiguration.framework */; };
		88CBE607F9E1447D87E68A5C /* UIKit.framework in Frameworks */ = {isa = PBXBuildFile; fileRef = E74153DC6CEC4B67AE6DEAE8 /* UIKit.framework */; };
		EA2216F385D244B0978F73F4 /* SOSPicker.m in Sources */ = {isa = PBXBuildFile; fileRef = BE50F8076D9542D2AEF5E631 /* SOSPicker.m */; };
		75C3C50E0DC8406685E1A5A0 /* ELCAlbumPickerController.m in Sources */ = {isa = PBXBuildFile; fileRef = A35FD1F6B8C74C22A71CBB47 /* ELCAlbumPickerController.m */; };
		B8004DA33C3C40658E96C4EA /* ELCAsset.m in Sources */ = {isa = PBXBuildFile; fileRef = 43528056FF34462C9E878FD4 /* ELCAsset.m */; };
		269D17343E084676A91A440C /* ELCAssetCell.m in Sources */ = {isa = PBXBuildFile; fileRef = 009BB634A0A34589B94405DF /* ELCAssetCell.m */; };
		B894B43E64E54E449B31D87B /* ELCAssetTablePicker.m in Sources */ = {isa = PBXBuildFile; fileRef = 20DACD986F7F4298BD48F437 /* ELCAssetTablePicker.m */; };
		E16D41A3D96D4A198A6168D5 /* ELCImagePickerController.m in Sources */ = {isa = PBXBuildFile; fileRef = 77482DE38D1A4432BF6BDCA2 /* ELCImagePickerController.m */; };
		B6B4B033492E4F40864DA71F /* ELCAlbumPickerController.xib in Resources */ = {isa = PBXBuildFile; fileRef = 6211EBC2FDA84EA982CC33D5 /* ELCAlbumPickerController.xib */; };
		9F1D83E7DB774C95880EAFCB /* ELCAssetPicker.xib in Resources */ = {isa = PBXBuildFile; fileRef = 904F2D4B6B26457F894945D6 /* ELCAssetPicker.xib */; };
		2506B8934CCC4465BBDACE26 /* ELCAssetTablePicker.xib in Resources */ = {isa = PBXBuildFile; fileRef = D6CEB65325CF4EF2B5400055 /* ELCAssetTablePicker.xib */; };
		E9002D79DCC14BB0819E6D7F /* Overlay.png in Resources */ = {isa = PBXBuildFile; fileRef = 4E3209A155954A96959DFDE5 /* Overlay.png */; };
		A5BE5FD987D648FDB1FF14DA /* Overlay@2x.png in Resources */ = {isa = PBXBuildFile; fileRef = CE67A89598634EF89EB5AC99 /* Overlay@2x.png */; };
		A8ACCC783FED41CC8BA1670D /* CDVSplashScreen.m in Sources */ = {isa = PBXBuildFile; fileRef = A6CF1140F1254CB79188F8FB /* CDVSplashScreen.m */; };
		78428BEF589F4935964458B8 /* CDVViewController+SplashScreen.m in Sources */ = {isa = PBXBuildFile; fileRef = 5269DF7FC91440ADB6017876 /* CDVViewController+SplashScreen.m */; };
		326FBDD1667A4BECB882A999 /* CDVStatusBar.m in Sources */ = {isa = PBXBuildFile; fileRef = E4787D0814FA43F19D723AEE /* CDVStatusBar.m */; };
		62EA9CC9A70F46A9A09E78FB /* Sms.m in Sources */ = {isa = PBXBuildFile; fileRef = 51ED0F2BAF074615B01026DE /* Sms.m */; };
		8DA1E9C00C254497832D834C /* MessageUI.framework in Frameworks */ = {isa = PBXBuildFile; fileRef = 410F5789CDA54BF08B618A69 /* MessageUI.framework */; settings = {ATTRIBUTES = (Weak, ); }; };
		438A320AD1AB4A0B964ECAA0 /* IonicKeyboard.m in Sources */ = {isa = PBXBuildFile; fileRef = 59F58D0BB03B4C979504CE97 /* IonicKeyboard.m */; };
/* End PBXBuildFile section */

/* Begin PBXContainerItemProxy section */
		301BF534109A57CC0062928A /* PBXContainerItemProxy */ = {
			isa = PBXContainerItemProxy;
			containerPortal = 301BF52D109A57CC0062928A /* CordovaLib.xcodeproj */;
			proxyType = 2;
			remoteGlobalIDString = D2AAC07E0554694100DB518D;
			remoteInfo = CordovaLib;
		};
		301BF550109A68C00062928A /* PBXContainerItemProxy */ = {
			isa = PBXContainerItemProxy;
			containerPortal = 301BF52D109A57CC0062928A /* CordovaLib.xcodeproj */;
			proxyType = 1;
			remoteGlobalIDString = D2AAC07D0554694100DB518D;
			remoteInfo = CordovaLib;
		};
/* End PBXContainerItemProxy section */

/* Begin PBXFileReference section */
		0207DA571B56EA530066E2B4 /* Images.xcassets */ = {isa = PBXFileReference; lastKnownFileType = folder.assetcatalog; name = Images.xcassets; path = "Mobcom/Images.xcassets"; sourceTree = SOURCE_ROOT; };
		1D3623240D0F684500981E51 /* AppDelegate.h */ = {isa = PBXFileReference; fileEncoding = 4; lastKnownFileType = sourcecode.c.h; path = AppDelegate.h; sourceTree = "<group>"; };
		1D3623250D0F684500981E51 /* AppDelegate.m */ = {isa = PBXFileReference; fileEncoding = 4; lastKnownFileType = sourcecode.c.objc; path = AppDelegate.m; sourceTree = "<group>"; };
		1D6058910D05DD3D006BFB54 /* Mobcom.app */ = {isa = PBXFileReference; explicitFileType = wrapper.application; includeInIndex = 0; path = "Mobcom.app"; sourceTree = BUILT_PRODUCTS_DIR; };
		29B97316FDCFA39411CA2CEA /* main.m */ = {isa = PBXFileReference; fileEncoding = 4; lastKnownFileType = sourcecode.c.objc; path = main.m; sourceTree = "<group>"; };
		301BF52D109A57CC0062928A /* CordovaLib.xcodeproj */ = {isa = PBXFileReference; lastKnownFileType = "wrapper.pb-project"; name = CordovaLib.xcodeproj; path = CordovaLib/CordovaLib.xcodeproj; sourceTree = "<group>"; };
		301BF56E109A69640062928A /* www */ = {isa = PBXFileReference; lastKnownFileType = folder; path = www; sourceTree = SOURCE_ROOT; };
		302D95EE14D2391D003F00A1 /* MainViewController.h */ = {isa = PBXFileReference; fileEncoding = 4; lastKnownFileType = sourcecode.c.h; path = MainViewController.h; sourceTree = "<group>"; };
		302D95EF14D2391D003F00A1 /* MainViewController.m */ = {isa = PBXFileReference; fileEncoding = 4; lastKnownFileType = sourcecode.c.objc; path = MainViewController.m; sourceTree = "<group>"; };
		302D95F014D2391D003F00A1 /* MainViewController.xib */ = {isa = PBXFileReference; fileEncoding = 4; lastKnownFileType = file.xib; path = MainViewController.xib; sourceTree = "<group>"; };
		3047A50F1AB8059700498E2A /* build-debug.xcconfig */ = {isa = PBXFileReference; fileEncoding = 4; lastKnownFileType = text.xcconfig; name = "build-debug.xcconfig"; path = cordova/build-debug.xcconfig; sourceTree = SOURCE_ROOT; };
		3047A5101AB8059700498E2A /* build-release.xcconfig */ = {isa = PBXFileReference; fileEncoding = 4; lastKnownFileType = text.xcconfig; name = "build-release.xcconfig"; path = cordova/build-release.xcconfig; sourceTree = SOURCE_ROOT; };
		3047A5111AB8059700498E2A /* build.xcconfig */ = {isa = PBXFileReference; fileEncoding = 4; lastKnownFileType = text.xcconfig; name = build.xcconfig; path = cordova/build.xcconfig; sourceTree = SOURCE_ROOT; };
		32CA4F630368D1EE00C91783 /* Mobcom-Prefix.pch */ = {isa = PBXFileReference; fileEncoding = 4; lastKnownFileType = sourcecode.c.h; path = "Mobcom-Prefix.pch"; sourceTree = "<group>"; };
		6AFF5BF81D6E424B00AB3073 /* CDVLaunchScreen.storyboard */ = {isa = PBXFileReference; fileEncoding = 4; lastKnownFileType = file.storyboard; name = CDVLaunchScreen.storyboard; path = "Mobcom/CDVLaunchScreen.storyboard"; sourceTree = SOURCE_ROOT; };
		8D1107310486CEB800E47090 /* Mobcom-Info.plist */ = {isa = PBXFileReference; fileEncoding = 4; lastKnownFileType = text.plist.xml; name = "Mobcom-Info.plist"; path = "Mobcom/Mobcom-Info.plist"; plistStructureDefinitionIdentifier = "com.apple.xcode.plist.structure-definition.iphone.info-plist"; sourceTree = SOURCE_ROOT; };
		EB87FDF31871DA8E0020F90C /* www */ = {isa = PBXFileReference; lastKnownFileType = folder; name = www; path = ../../www; sourceTree = "<group>"; };
		EB87FDF41871DAF40020F90C /* config.xml */ = {isa = PBXFileReference; lastKnownFileType = text.xml; name = config.xml; path = ../../config.xml; sourceTree = "<group>"; };
		F840E1F0165FE0F500CFE078 /* config.xml */ = {isa = PBXFileReference; lastKnownFileType = text.xml; name = config.xml; path = "Mobcom/config.xml"; sourceTree = "<group>"; };
		ED33DF2A687741AEAF9F8254 /* Bridging-Header.h */ = {isa = PBXFileReference; fileEncoding = 4; lastKnownFileType = sourcecode.c.h; name = "Bridging-Header.h"; path = "Bridging-Header.h"; sourceTree = "<group>"; };
		95FDCDE259374958BD8ADA54 /* AppVersion.m */ = {isa = PBXFileReference; name = "AppVersion.m"; path = "cordova-plugin-app-version/AppVersion.m"; sourceTree = "<group>"; fileEncoding = 4; lastKnownFileType = sourcecode.c.objc; explicitFileType = undefined; includeInIndex = 0; };
		85590923508B4F218CEB7EB0 /* AppVersion.h */ = {isa = PBXFileReference; name = "AppVersion.h"; path = "cordova-plugin-app-version/AppVersion.h"; sourceTree = "<group>"; fileEncoding = 4; lastKnownFileType = sourcecode.c.h; explicitFileType = undefined; includeInIndex = 0; };
		D714CBE383B5498F8A8D8C0C /* CFCallNumber.m */ = {isa = PBXFileReference; name = "CFCallNumber.m"; path = "cordova-plugin-call-number/CFCallNumber.m"; sourceTree = "<group>"; fileEncoding = 4; lastKnownFileType = sourcecode.c.objc; explicitFileType = undefined; includeInIndex = 0; };
		A8990C5021904426A4E571DE /* CFCallNumber.h */ = {isa = PBXFileReference; name = "CFCallNumber.h"; path = "cordova-plugin-call-number/CFCallNumber.h"; sourceTree = "<group>"; fileEncoding = 4; lastKnownFileType = sourcecode.c.h; explicitFileType = undefined; includeInIndex = 0; };
		F662688D7C224663B9800E6C /* CDVLogger.m */ = {isa = PBXFileReference; name = "CDVLogger.m"; path = "cordova-plugin-console/CDVLogger.m"; sourceTree = "<group>"; fileEncoding = 4; lastKnownFileType = sourcecode.c.objc; explicitFileType = undefined; includeInIndex = 0; };
		08C27195388A42729AC60DBB /* CDVLogger.h */ = {isa = PBXFileReference; name = "CDVLogger.h"; path = "cordova-plugin-console/CDVLogger.h"; sourceTree = "<group>"; fileEncoding = 4; lastKnownFileType = sourcecode.c.h; explicitFileType = undefined; includeInIndex = 0; };
		0B2B26E98D644B5884D1BB15 /* CDVDevice.m */ = {isa = PBXFileReference; name = "CDVDevice.m"; path = "cordova-plugin-device/CDVDevice.m"; sourceTree = "<group>"; fileEncoding = 4; lastKnownFileType = sourcecode.c.objc; explicitFileType = undefined; includeInIndex = 0; };
		F7A8DAD4F827433D93EA8AEC /* CDVDevice.h */ = {isa = PBXFileReference; name = "CDVDevice.h"; path = "cordova-plugin-device/CDVDevice.h"; sourceTree = "<group>"; fileEncoding = 4; lastKnownFileType = sourcecode.c.h; explicitFileType = undefined; includeInIndex = 0; };
		8FA23D0549584DEBB710D76D /* CDVFile.m */ = {isa = PBXFileReference; name = "CDVFile.m"; path = "cordova-plugin-file/CDVFile.m"; sourceTree = "<group>"; fileEncoding = 4; lastKnownFileType = sourcecode.c.objc; explicitFileType = undefined; includeInIndex = 0; };
		34AE404F2DBF43D38D71B52B /* CDVLocalFilesystem.m */ = {isa = PBXFileReference; name = "CDVLocalFilesystem.m"; path = "cordova-plugin-file/CDVLocalFilesystem.m"; sourceTree = "<group>"; fileEncoding = 4; lastKnownFileType = sourcecode.c.objc; explicitFileType = undefined; includeInIndex = 0; };
		099F25D6916940B6BF3EF33F /* CDVAssetLibraryFilesystem.m */ = {isa = PBXFileReference; name = "CDVAssetLibraryFilesystem.m"; path = "cordova-plugin-file/CDVAssetLibraryFilesystem.m"; sourceTree = "<group>"; fileEncoding = 4; lastKnownFileType = sourcecode.c.objc; explicitFileType = undefined; includeInIndex = 0; };
		EEA59E1FA74D4A76BF56F533 /* CDVFile.h */ = {isa = PBXFileReference; name = "CDVFile.h"; path = "cordova-plugin-file/CDVFile.h"; sourceTree = "<group>"; fileEncoding = 4; lastKnownFileType = sourcecode.c.h; explicitFileType = undefined; includeInIndex = 0; };
		348BAEEF65B441998AF2F2F5 /* CDVLocalFilesystem.h */ = {isa = PBXFileReference; name = "CDVLocalFilesystem.h"; path = "cordova-plugin-file/CDVLocalFilesystem.h"; sourceTree = "<group>"; fileEncoding = 4; lastKnownFileType = sourcecode.c.h; explicitFileType = undefined; includeInIndex = 0; };
		CAAFDB6B13DE46DB93922288 /* CDVAssetLibraryFilesystem.h */ = {isa = PBXFileReference; name = "CDVAssetLibraryFilesystem.h"; path = "cordova-plugin-file/CDVAssetLibraryFilesystem.h"; sourceTree = "<group>"; fileEncoding = 4; lastKnownFileType = sourcecode.c.h; explicitFileType = undefined; includeInIndex = 0; };
		28BE86BF3B5F49DFAAE7822C /* HockeyApp.m */ = {isa = PBXFileReference; name = "HockeyApp.m"; path = "cordova-plugin-hockeyapp/HockeyApp.m"; sourceTree = "<group>"; fileEncoding = 4; lastKnownFileType = sourcecode.c.objc; explicitFileType = undefined; includeInIndex = 0; };
		41F8C0AD1E64415A8B4F2E61 /* HockeyApp.h */ = {isa = PBXFileReference; name = "HockeyApp.h"; path = "cordova-plugin-hockeyapp/HockeyApp.h"; sourceTree = "<group>"; fileEncoding = 4; lastKnownFileType = sourcecode.c.h; explicitFileType = undefined; includeInIndex = 0; };
		8EC44C48ADA145AEB7D4DF5D /* HockeySDKResources.bundle */ = {isa = PBXFileReference; name = "HockeySDKResources.bundle"; path = "HockeySDKResources.bundle"; sourceTree = "<group>"; fileEncoding = undefined; lastKnownFileType = wrapper.plug-in; explicitFileType = undefined; includeInIndex = 0; };
		A17BB6C49AA6419FB773A375 /* HockeySDK.framework */ = {isa = PBXFileReference; name = "HockeySDK.framework"; path = "Mobcom/Plugins/cordova-plugin-hockeyapp/HockeySDK.framework"; sourceTree = "<group>"; fileEncoding = undefined; lastKnownFileType = wrapper.framework; explicitFileType = undefined; includeInIndex = 0; };
		73BD289A062143CB98DEEC60 /* libstdc++.dylib */ = {isa = PBXFileReference; name = "libstdc++.dylib"; path = "usr/lib/libstdc++.dylib"; sourceTree = SDKROOT; fileEncoding = undefined; lastKnownFileType = compiled.mach-o.dylib; explicitFileType = undefined; includeInIndex = 0; };
		10878FB8273A4198B42C7EAA /* libc++.dylib */ = {isa = PBXFileReference; name = "libc++.dylib"; path = "usr/lib/libc++.dylib"; sourceTree = SDKROOT; fileEncoding = undefined; lastKnownFileType = compiled.mach-o.dylib; explicitFileType = undefined; includeInIndex = 0; };
		099F9D2C6D0F487098BBECF3 /* libz.tbd */ = {isa = PBXFileReference; name = "libz.tbd"; path = "usr/lib/libz.tbd"; sourceTree = SDKROOT; fileEncoding = undefined; lastKnownFileType = sourcecode.text-based-dylib-definition; explicitFileType = undefined; includeInIndex = 0; };
		75179DDC1BCD410B87A17C11 /* CoreText.framework */ = {isa = PBXFileReference; name = "CoreText.framework"; path = "System/Library/Frameworks/CoreText.framework"; sourceTree = SDKROOT; fileEncoding = undefined; lastKnownFileType = wrapper.framework; explicitFileType = undefined; includeInIndex = 0; };
		84E6939F21F54CF487EF757C /* CoreTelephony.framework */ = {isa = PBXFileReference; name = "CoreTelephony.framework"; path = "System/Library/Frameworks/CoreTelephony.framework"; sourceTree = SDKROOT; fileEncoding = undefined; lastKnownFileType = wrapper.framework; explicitFileType = undefined; includeInIndex = 0; };
		EB5930E786C44D918713DA0A /* Foundation.framework */ = {isa = PBXFileReference; name = "Foundation.framework"; path = "System/Library/Frameworks/Foundation.framework"; sourceTree = SDKROOT; fileEncoding = undefined; lastKnownFileType = wrapper.framework; explicitFileType = undefined; includeInIndex = 0; };
		78E00A56DF3544BBACB51DD5 /* Photos.framework */ = {isa = PBXFileReference; name = "Photos.framework"; path = "System/Library/Frameworks/Photos.framework"; sourceTree = SDKROOT; fileEncoding = undefined; lastKnownFileType = wrapper.framework; explicitFileType = undefined; includeInIndex = 0; };
		33485F756E24423EA9AC79E0 /* QuartzCore.framework */ = {isa = PBXFileReference; name = "QuartzCore.framework"; path = "System/Library/Frameworks/QuartzCore.framework"; sourceTree = SDKROOT; fileEncoding = undefined; lastKnownFileType = wrapper.framework; explicitFileType = undefined; includeInIndex = 0; };
		030ACD0E19DB4F4FBF848C95 /* QuickLook.framework */ = {isa = PBXFileReference; name = "QuickLook.framework"; path = "System/Library/Frameworks/QuickLook.framework"; sourceTree = SDKROOT; fileEncoding = undefined; lastKnownFileType = wrapper.framework; explicitFileType = undefined; includeInIndex = 0; };
		25AF6BEE7ABE42CAB713FBF4 /* Security.framework */ = {isa = PBXFileReference; name = "Security.framework"; path = "System/Library/Frameworks/Security.framework"; sourceTree = SDKROOT; fileEncoding = undefined; lastKnownFileType = wrapper.framework; explicitFileType = undefined; includeInIndex = 0; };
		9D0A27EA64DF4385A197D213 /* SystemConfiguration.framework */ = {isa = PBXFileReference; name = "SystemConfiguration.framework"; path = "System/Library/Frameworks/SystemConfiguration.framework"; sourceTree = SDKROOT; fileEncoding = undefined; lastKnownFileType = wrapper.framework; explicitFileType = undefined; includeInIndex = 0; };
		E74153DC6CEC4B67AE6DEAE8 /* UIKit.framework */ = {isa = PBXFileReference; name = "UIKit.framework"; path = "System/Library/Frameworks/UIKit.framework"; sourceTree = SDKROOT; fileEncoding = undefined; lastKnownFileType = wrapper.framework; explicitFileType = undefined; includeInIndex = 0; };
		BE50F8076D9542D2AEF5E631 /* SOSPicker.m */ = {isa = PBXFileReference; name = "SOSPicker.m"; path = "cordova-plugin-image-picker/SOSPicker.m"; sourceTree = "<group>"; fileEncoding = 4; lastKnownFileType = sourcecode.c.objc; explicitFileType = undefined; includeInIndex = 0; };
		A35FD1F6B8C74C22A71CBB47 /* ELCAlbumPickerController.m */ = {isa = PBXFileReference; name = "ELCAlbumPickerController.m"; path = "cordova-plugin-image-picker/ELCAlbumPickerController.m"; sourceTree = "<group>"; fileEncoding = 4; lastKnownFileType = sourcecode.c.objc; explicitFileType = undefined; includeInIndex = 0; };
		43528056FF34462C9E878FD4 /* ELCAsset.m */ = {isa = PBXFileReference; name = "ELCAsset.m"; path = "cordova-plugin-image-picker/ELCAsset.m"; sourceTree = "<group>"; fileEncoding = 4; lastKnownFileType = sourcecode.c.objc; explicitFileType = undefined; includeInIndex = 0; };
		009BB634A0A34589B94405DF /* ELCAssetCell.m */ = {isa = PBXFileReference; name = "ELCAssetCell.m"; path = "cordova-plugin-image-picker/ELCAssetCell.m"; sourceTree = "<group>"; fileEncoding = 4; lastKnownFileType = sourcecode.c.objc; explicitFileType = undefined; includeInIndex = 0; };
		20DACD986F7F4298BD48F437 /* ELCAssetTablePicker.m */ = {isa = PBXFileReference; name = "ELCAssetTablePicker.m"; path = "cordova-plugin-image-picker/ELCAssetTablePicker.m"; sourceTree = "<group>"; fileEncoding = 4; lastKnownFileType = sourcecode.c.objc; explicitFileType = undefined; includeInIndex = 0; };
		77482DE38D1A4432BF6BDCA2 /* ELCImagePickerController.m */ = {isa = PBXFileReference; name = "ELCImagePickerController.m"; path = "cordova-plugin-image-picker/ELCImagePickerController.m"; sourceTree = "<group>"; fileEncoding = 4; lastKnownFileType = sourcecode.c.objc; explicitFileType = undefined; includeInIndex = 0; };
		EA2E90F35AF3419799C68917 /* SOSPicker.h */ = {isa = PBXFileReference; name = "SOSPicker.h"; path = "cordova-plugin-image-picker/SOSPicker.h"; sourceTree = "<group>"; fileEncoding = 4; lastKnownFileType = sourcecode.c.h; explicitFileType = undefined; includeInIndex = 0; };
		9B7160FC5F1344F9B7BCC856 /* ELCAlbumPickerController.h */ = {isa = PBXFileReference; name = "ELCAlbumPickerController.h"; path = "cordova-plugin-image-picker/ELCAlbumPickerController.h"; sourceTree = "<group>"; fileEncoding = 4; lastKnownFileType = sourcecode.c.h; explicitFileType = undefined; includeInIndex = 0; };
		C575A5C1BC0942BBA15EBB50 /* ELCAsset.h */ = {isa = PBXFileReference; name = "ELCAsset.h"; path = "cordova-plugin-image-picker/ELCAsset.h"; sourceTree = "<group>"; fileEncoding = 4; lastKnownFileType = sourcecode.c.h; explicitFileType = undefined; includeInIndex = 0; };
		C6BD82EB425B41F09FAF1205 /* ELCAssetCell.h */ = {isa = PBXFileReference; name = "ELCAssetCell.h"; path = "cordova-plugin-image-picker/ELCAssetCell.h"; sourceTree = "<group>"; fileEncoding = 4; lastKnownFileType = sourcecode.c.h; explicitFileType = undefined; includeInIndex = 0; };
		7B58653F30BB4ECCBF9EA52D /* ELCAssetPickerFilterDelegate.h */ = {isa = PBXFileReference; name = "ELCAssetPickerFilterDelegate.h"; path = "cordova-plugin-image-picker/ELCAssetPickerFilterDelegate.h"; sourceTree = "<group>"; fileEncoding = 4; lastKnownFileType = sourcecode.c.h; explicitFileType = undefined; includeInIndex = 0; };
		B66719DFEACB4E859900CC82 /* ELCAssetSelectionDelegate.h */ = {isa = PBXFileReference; name = "ELCAssetSelectionDelegate.h"; path = "cordova-plugin-image-picker/ELCAssetSelectionDelegate.h"; sourceTree = "<group>"; fileEncoding = 4; lastKnownFileType = sourcecode.c.h; explicitFileType = undefined; includeInIndex = 0; };
		FE18A3838EF8436D9DA5C669 /* ELCAssetTablePicker.h */ = {isa = PBXFileReference; name = "ELCAssetTablePicker.h"; path = "cordova-plugin-image-picker/ELCAssetTablePicker.h"; sourceTree = "<group>"; fileEncoding = 4; lastKnownFileType = sourcecode.c.h; explicitFileType = undefined; includeInIndex = 0; };
		ACE9CCF10D9241079E573A1B /* ELCImagePickerController.h */ = {isa = PBXFileReference; name = "ELCImagePickerController.h"; path = "cordova-plugin-image-picker/ELCImagePickerController.h"; sourceTree = "<group>"; fileEncoding = 4; lastKnownFileType = sourcecode.c.h; explicitFileType = undefined; includeInIndex = 0; };
		6211EBC2FDA84EA982CC33D5 /* ELCAlbumPickerController.xib */ = {isa = PBXFileReference; name = "ELCAlbumPickerController.xib"; path = "ELCAlbumPickerController.xib"; sourceTree = "<group>"; fileEncoding = undefined; lastKnownFileType = file.xib; explicitFileType = undefined; includeInIndex = 0; };
		904F2D4B6B26457F894945D6 /* ELCAssetPicker.xib */ = {isa = PBXFileReference; name = "ELCAssetPicker.xib"; path = "ELCAssetPicker.xib"; sourceTree = "<group>"; fileEncoding = undefined; lastKnownFileType = file.xib; explicitFileType = undefined; includeInIndex = 0; };
		D6CEB65325CF4EF2B5400055 /* ELCAssetTablePicker.xib */ = {isa = PBXFileReference; name = "ELCAssetTablePicker.xib"; path = "ELCAssetTablePicker.xib"; sourceTree = "<group>"; fileEncoding = undefined; lastKnownFileType = file.xib; explicitFileType = undefined; includeInIndex = 0; };
		4E3209A155954A96959DFDE5 /* Overlay.png */ = {isa = PBXFileReference; name = "Overlay.png"; path = "Overlay.png"; sourceTree = "<group>"; fileEncoding = undefined; lastKnownFileType = unknown; explicitFileType = undefined; includeInIndex = 0; };
		CE67A89598634EF89EB5AC99 /* Overlay@2x.png */ = {isa = PBXFileReference; name = "Overlay@2x.png"; path = "Overlay@2x.png"; sourceTree = "<group>"; fileEncoding = undefined; lastKnownFileType = unknown; explicitFileType = undefined; includeInIndex = 0; };
		A6CF1140F1254CB79188F8FB /* CDVSplashScreen.m */ = {isa = PBXFileReference; name = "CDVSplashScreen.m"; path = "cordova-plugin-splashscreen/CDVSplashScreen.m"; sourceTree = "<group>"; fileEncoding = 4; lastKnownFileType = sourcecode.c.objc; explicitFileType = undefined; includeInIndex = 0; };
		5269DF7FC91440ADB6017876 /* CDVViewController+SplashScreen.m */ = {isa = PBXFileReference; name = "CDVViewController+SplashScreen.m"; path = "cordova-plugin-splashscreen/CDVViewController+SplashScreen.m"; sourceTree = "<group>"; fileEncoding = 4; lastKnownFileType = sourcecode.c.objc; explicitFileType = undefined; includeInIndex = 0; };
		738EBF133FFD43369574882F /* CDVSplashScreen.h */ = {isa = PBXFileReference; name = "CDVSplashScreen.h"; path = "cordova-plugin-splashscreen/CDVSplashScreen.h"; sourceTree = "<group>"; fileEncoding = 4; lastKnownFileType = sourcecode.c.h; explicitFileType = undefined; includeInIndex = 0; };
		559AE111AAA04FA4BB57962E /* CDVViewController+SplashScreen.h */ = {isa = PBXFileReference; name = "CDVViewController+SplashScreen.h"; path = "cordova-plugin-splashscreen/CDVViewController+SplashScreen.h"; sourceTree = "<group>"; fileEncoding = 4; lastKnownFileType = sourcecode.c.h; explicitFileType = undefined; includeInIndex = 0; };
		E4787D0814FA43F19D723AEE /* CDVStatusBar.m */ = {isa = PBXFileReference; name = "CDVStatusBar.m"; path = "cordova-plugin-statusbar/CDVStatusBar.m"; sourceTree = "<group>"; fileEncoding = 4; lastKnownFileType = sourcecode.c.objc; explicitFileType = undefined; includeInIndex = 0; };
		11E9B07225E04ED1B28227AB /* CDVStatusBar.h */ = {isa = PBXFileReference; name = "CDVStatusBar.h"; path = "cordova-plugin-statusbar/CDVStatusBar.h"; sourceTree = "<group>"; fileEncoding = 4; lastKnownFileType = sourcecode.c.h; explicitFileType = undefined; includeInIndex = 0; };
		51ED0F2BAF074615B01026DE /* Sms.m */ = {isa = PBXFileReference; name = "Sms.m"; path = "cordova-sms-plugin/Sms.m"; sourceTree = "<group>"; fileEncoding = 4; lastKnownFileType = sourcecode.c.objc; explicitFileType = undefined; includeInIndex = 0; };
		A38857ED9A2E45CF83F46DB4 /* Sms.h */ = {isa = PBXFileReference; name = "Sms.h"; path = "cordova-sms-plugin/Sms.h"; sourceTree = "<group>"; fileEncoding = 4; lastKnownFileType = sourcecode.c.h; explicitFileType = undefined; includeInIndex = 0; };
		410F5789CDA54BF08B618A69 /* MessageUI.framework */ = {isa = PBXFileReference; name = "MessageUI.framework"; path = "System/Library/Frameworks/MessageUI.framework"; sourceTree = SDKROOT; fileEncoding = undefined; lastKnownFileType = wrapper.framework; explicitFileType = undefined; includeInIndex = 0; };
		59F58D0BB03B4C979504CE97 /* IonicKeyboard.m */ = {isa = PBXFileReference; name = "IonicKeyboard.m"; path = "ionic-plugin-keyboard/IonicKeyboard.m"; sourceTree = "<group>"; fileEncoding = 4; lastKnownFileType = sourcecode.c.objc; explicitFileType = undefined; includeInIndex = 0; };
		493F6F9F23274778A8A5D29D /* IonicKeyboard.h */ = {isa = PBXFileReference; name = "IonicKeyboard.h"; path = "ionic-plugin-keyboard/IonicKeyboard.h"; sourceTree = "<group>"; fileEncoding = 4; lastKnownFileType = sourcecode.c.h; explicitFileType = undefined; includeInIndex = 0; };
/* End PBXFileReference section */

/* Begin PBXFrameworksBuildPhase section */
		1D60588F0D05DD3D006BFB54 /* Frameworks */ = {
			isa = PBXFrameworksBuildPhase;
			buildActionMask = 2147483647;
			files = (
				301BF552109A68D80062928A /* libCordova.a in Frameworks */,
				3919D2179D0D480AAFCE51CB /* HockeySDK.framework in Frameworks */,
				DA61FD512B0147C0A562A4D3 /* libstdc++.dylib in Frameworks */,
				02C2A13A7F2940149D64AE17 /* libc++.dylib in Frameworks */,
				F2EDC5CA93ED42538F535433 /* libz.tbd in Frameworks */,
				92C6459C57D1486493E86E6F /* CoreText.framework in Frameworks */,
				6277FCF23F454FF3A52656F4 /* CoreTelephony.framework in Frameworks */,
				AF0D7C18F42845A98608C20F /* Foundation.framework in Frameworks */,
				6570845409BE44A294C40A47 /* Photos.framework in Frameworks */,
				85FD8877EE83451BB5B46765 /* QuartzCore.framework in Frameworks */,
				F2BA3CF53DFB43B88FCC9B8C /* QuickLook.framework in Frameworks */,
				45C98738DC9E47B8A9E44B2D /* Security.framework in Frameworks */,
				5E6E7653D5774779A527CD9B /* SystemConfiguration.framework in Frameworks */,
				88CBE607F9E1447D87E68A5C /* UIKit.framework in Frameworks */,
				8DA1E9C00C254497832D834C /* MessageUI.framework in Frameworks */,
			);
			runOnlyForDeploymentPostprocessing = 0;
		};
/* End PBXFrameworksBuildPhase section */

/* Begin PBXGroup section */
		080E96DDFE201D6D7F000001 /* Classes */ = {
			isa = PBXGroup;
			children = (
				302D95EE14D2391D003F00A1 /* MainViewController.h */,
				302D95EF14D2391D003F00A1 /* MainViewController.m */,
				302D95F014D2391D003F00A1 /* MainViewController.xib */,
				1D3623240D0F684500981E51 /* AppDelegate.h */,
				1D3623250D0F684500981E51 /* AppDelegate.m */,
			);
			name = Classes;
			path = "Mobcom/Classes";
			sourceTree = SOURCE_ROOT;
		};
		19C28FACFE9D520D11CA2CBB /* Products */ = {
			isa = PBXGroup;
			children = (
				1D6058910D05DD3D006BFB54 /* Mobcom.app */,
			);
			name = Products;
			sourceTree = "<group>";
		};
		29B97314FDCFA39411CA2CEA /* CustomTemplate */ = {
			isa = PBXGroup;
			children = (
				EB87FDF41871DAF40020F90C /* config.xml */,
				EB87FDF31871DA8E0020F90C /* www */,
				EB87FDF11871DA420020F90C /* Staging */,
				301BF52D109A57CC0062928A /* CordovaLib.xcodeproj */,
				080E96DDFE201D6D7F000001 /* Classes */,
				307C750510C5A3420062BCA9 /* Plugins */,
				29B97315FDCFA39411CA2CEA /* Other Sources */,
				29B97317FDCFA39411CA2CEA /* Resources */,
				29B97323FDCFA39411CA2CEA /* Frameworks */,
				19C28FACFE9D520D11CA2CBB /* Products */,
			);
			name = CustomTemplate;
			sourceTree = "<group>";
		};
		29B97315FDCFA39411CA2CEA /* Other Sources */ = {
			isa = PBXGroup;
			children = (
				32CA4F630368D1EE00C91783 /* Mobcom-Prefix.pch */,
				29B97316FDCFA39411CA2CEA /* main.m */,
				ED33DF2A687741AEAF9F8254 /* Bridging-Header.h */,
			);
			name = "Other Sources";
			path = "Mobcom";
			sourceTree = "<group>";
		};
		29B97317FDCFA39411CA2CEA /* Resources */ = {
			isa = PBXGroup;
			children = (
				0207DA571B56EA530066E2B4 /* Images.xcassets */,
				3047A50E1AB8057F00498E2A /* config */,
				8D1107310486CEB800E47090 /* Mobcom-Info.plist */,
				6AFF5BF81D6E424B00AB3073 /* CDVLaunchScreen.storyboard */,
				8EC44C48ADA145AEB7D4DF5D /* HockeySDKResources.bundle */,
				6211EBC2FDA84EA982CC33D5 /* ELCAlbumPickerController.xib */,
				904F2D4B6B26457F894945D6 /* ELCAssetPicker.xib */,
				D6CEB65325CF4EF2B5400055 /* ELCAssetTablePicker.xib */,
				4E3209A155954A96959DFDE5 /* Overlay.png */,
				CE67A89598634EF89EB5AC99 /* Overlay@2x.png */,
			);
			name = Resources;
			path = "Mobcom/Resources";
			sourceTree = "<group>";
		};
		29B97323FDCFA39411CA2CEA /* Frameworks */ = {
			isa = PBXGroup;
			children = (
				A17BB6C49AA6419FB773A375 /* HockeySDK.framework */,
				73BD289A062143CB98DEEC60 /* libstdc++.dylib */,
				10878FB8273A4198B42C7EAA /* libc++.dylib */,
				099F9D2C6D0F487098BBECF3 /* libz.tbd */,
				75179DDC1BCD410B87A17C11 /* CoreText.framework */,
				84E6939F21F54CF487EF757C /* CoreTelephony.framework */,
				EB5930E786C44D918713DA0A /* Foundation.framework */,
				78E00A56DF3544BBACB51DD5 /* Photos.framework */,
				33485F756E24423EA9AC79E0 /* QuartzCore.framework */,
				030ACD0E19DB4F4FBF848C95 /* QuickLook.framework */,
				25AF6BEE7ABE42CAB713FBF4 /* Security.framework */,
				9D0A27EA64DF4385A197D213 /* SystemConfiguration.framework */,
				E74153DC6CEC4B67AE6DEAE8 /* UIKit.framework */,
				410F5789CDA54BF08B618A69 /* MessageUI.framework */,
			);
			name = Frameworks;
			sourceTree = "<group>";
		};
		301BF52E109A57CC0062928A /* Products */ = {
			isa = PBXGroup;
			children = (
				301BF535109A57CC0062928A /* libCordova.a */,
			);
			name = Products;
			sourceTree = "<group>";
		};
		3047A50E1AB8057F00498E2A /* config */ = {
			isa = PBXGroup;
			children = (
				3047A50F1AB8059700498E2A /* build-debug.xcconfig */,
				3047A5101AB8059700498E2A /* build-release.xcconfig */,
				3047A5111AB8059700498E2A /* build.xcconfig */,
			);
			name = config;
			sourceTree = "<group>";
		};
		307C750510C5A3420062BCA9 /* Plugins */ = {
			isa = PBXGroup;
			children = (
				95FDCDE259374958BD8ADA54 /* AppVersion.m */,
				85590923508B4F218CEB7EB0 /* AppVersion.h */,
				D714CBE383B5498F8A8D8C0C /* CFCallNumber.m */,
				A8990C5021904426A4E571DE /* CFCallNumber.h */,
				F662688D7C224663B9800E6C /* CDVLogger.m */,
				08C27195388A42729AC60DBB /* CDVLogger.h */,
				0B2B26E98D644B5884D1BB15 /* CDVDevice.m */,
				F7A8DAD4F827433D93EA8AEC /* CDVDevice.h */,
				8FA23D0549584DEBB710D76D /* CDVFile.m */,
				34AE404F2DBF43D38D71B52B /* CDVLocalFilesystem.m */,
				099F25D6916940B6BF3EF33F /* CDVAssetLibraryFilesystem.m */,
				EEA59E1FA74D4A76BF56F533 /* CDVFile.h */,
				348BAEEF65B441998AF2F2F5 /* CDVLocalFilesystem.h */,
				CAAFDB6B13DE46DB93922288 /* CDVAssetLibraryFilesystem.h */,
				28BE86BF3B5F49DFAAE7822C /* HockeyApp.m */,
				41F8C0AD1E64415A8B4F2E61 /* HockeyApp.h */,
				BE50F8076D9542D2AEF5E631 /* SOSPicker.m */,
				A35FD1F6B8C74C22A71CBB47 /* ELCAlbumPickerController.m */,
				43528056FF34462C9E878FD4 /* ELCAsset.m */,
				009BB634A0A34589B94405DF /* ELCAssetCell.m */,
				20DACD986F7F4298BD48F437 /* ELCAssetTablePicker.m */,
				77482DE38D1A4432BF6BDCA2 /* ELCImagePickerController.m */,
				EA2E90F35AF3419799C68917 /* SOSPicker.h */,
				9B7160FC5F1344F9B7BCC856 /* ELCAlbumPickerController.h */,
				C575A5C1BC0942BBA15EBB50 /* ELCAsset.h */,
				C6BD82EB425B41F09FAF1205 /* ELCAssetCell.h */,
				7B58653F30BB4ECCBF9EA52D /* ELCAssetPickerFilterDelegate.h */,
				B66719DFEACB4E859900CC82 /* ELCAssetSelectionDelegate.h */,
				FE18A3838EF8436D9DA5C669 /* ELCAssetTablePicker.h */,
				ACE9CCF10D9241079E573A1B /* ELCImagePickerController.h */,
				A6CF1140F1254CB79188F8FB /* CDVSplashScreen.m */,
				5269DF7FC91440ADB6017876 /* CDVViewController+SplashScreen.m */,
				738EBF133FFD43369574882F /* CDVSplashScreen.h */,
				559AE111AAA04FA4BB57962E /* CDVViewController+SplashScreen.h */,
				E4787D0814FA43F19D723AEE /* CDVStatusBar.m */,
				11E9B07225E04ED1B28227AB /* CDVStatusBar.h */,
				51ED0F2BAF074615B01026DE /* Sms.m */,
				A38857ED9A2E45CF83F46DB4 /* Sms.h */,
				59F58D0BB03B4C979504CE97 /* IonicKeyboard.m */,
				493F6F9F23274778A8A5D29D /* IonicKeyboard.h */,
			);
			name = Plugins;
			path = "Mobcom/Plugins";
			sourceTree = SOURCE_ROOT;
		};
		EB87FDF11871DA420020F90C /* Staging */ = {
			isa = PBXGroup;
			children = (
				F840E1F0165FE0F500CFE078 /* config.xml */,
				301BF56E109A69640062928A /* www */,
			);
			name = Staging;
			sourceTree = "<group>";
		};
/* End PBXGroup section */

/* Begin PBXNativeTarget section */
		1D6058900D05DD3D006BFB54 /* Mobcom */ = {
			isa = PBXNativeTarget;
			buildConfigurationList = 1D6058960D05DD3E006BFB54 /* Build configuration list for PBXNativeTarget "Mobcom" */;
			buildPhases = (
				304B58A110DAC018002A0835 /* Copy www directory */,
				1D60588D0D05DD3D006BFB54 /* Resources */,
				1D60588E0D05DD3D006BFB54 /* Sources */,
				1D60588F0D05DD3D006BFB54 /* Frameworks */,
			);
			buildRules = (
			);
			dependencies = (
				301BF551109A68C00062928A /* PBXTargetDependency */,
			);
			name = "Mobcom";
			productName = "Mobcom";
			productReference = 1D6058910D05DD3D006BFB54 /* Mobcom.app */;
			productType = "com.apple.product-type.application";
		};
/* End PBXNativeTarget section */

/* Begin PBXProject section */
		29B97313FDCFA39411CA2CEA /* Project object */ = {
			isa = PBXProject;
			attributes = {
				LastUpgradeCheck = 510;
			};
			buildConfigurationList = C01FCF4E08A954540054247B /* Build configuration list for PBXProject "__NON-CLI__" */;
			compatibilityVersion = "Xcode 3.2";
			developmentRegion = English;
			hasScannedForEncodings = 1;
			mainGroup = 29B97314FDCFA39411CA2CEA /* CustomTemplate */;
			projectDirPath = "";
			projectReferences = (
				{
					ProductGroup = 301BF52E109A57CC0062928A /* Products */;
					ProjectRef = 301BF52D109A57CC0062928A /* CordovaLib.xcodeproj */;
				},
			);
			projectRoot = "";
			targets = (
				1D6058900D05DD3D006BFB54 /* Mobcom */,
			);
		};
/* End PBXProject section */

/* Begin PBXReferenceProxy section */
		301BF535109A57CC0062928A /* libCordova.a */ = {
			isa = PBXReferenceProxy;
			fileType = archive.ar;
			path = libCordova.a;
			remoteRef = 301BF534109A57CC0062928A /* PBXContainerItemProxy */;
			sourceTree = BUILT_PRODUCTS_DIR;
		};
/* End PBXReferenceProxy section */

/* Begin PBXResourcesBuildPhase section */
		1D60588D0D05DD3D006BFB54 /* Resources */ = {
			isa = PBXResourcesBuildPhase;
			buildActionMask = 2147483647;
			files = (
				302D95F214D2391D003F00A1 /* MainViewController.xib in Resources */,
				0207DA581B56EA530066E2B4 /* Images.xcassets in Resources */,
				6AFF5BF91D6E424B00AB3073 /* CDVLaunchScreen.storyboard in Resources */,
				6FAD19BB62844F5EAC5EE67B /* HockeySDKResources.bundle in Resources */,
				B6B4B033492E4F40864DA71F /* ELCAlbumPickerController.xib in Resources */,
				9F1D83E7DB774C95880EAFCB /* ELCAssetPicker.xib in Resources */,
				2506B8934CCC4465BBDACE26 /* ELCAssetTablePicker.xib in Resources */,
				E9002D79DCC14BB0819E6D7F /* Overlay.png in Resources */,
				A5BE5FD987D648FDB1FF14DA /* Overlay@2x.png in Resources */,
			);
			runOnlyForDeploymentPostprocessing = 0;
		};
/* End PBXResourcesBuildPhase section */

/* Begin PBXShellScriptBuildPhase section */
		304B58A110DAC018002A0835 /* Copy www directory */ = {
			isa = PBXShellScriptBuildPhase;
			buildActionMask = 2147483647;
			files = (
			);
			inputPaths = (
			);
			name = "Copy www directory";
			outputPaths = (
			);
			runOnlyForDeploymentPostprocessing = 0;
			shellPath = /bin/sh;
			shellScript = "NODEJS_PATH=/usr/local/bin; NVM_NODE_PATH=~/.nvm/versions/node/`nvm version 2>/dev/null`/bin; N_NODE_PATH=`find /usr/local/n/versions/node/* -maxdepth 0 -type d 2>/dev/null | tail -1`/bin; XCODE_NODE_PATH=`xcode-select --print-path`/usr/share/xcs/Node/bin; PATH=$NODEJS_PATH:$NVM_NODE_PATH:$N_NODE_PATH:$XCODE_NODE_PATH:$PATH && node cordova/lib/copy-www-build-step.js";
			showEnvVarsInLog = 0;
		};
/* End PBXShellScriptBuildPhase section */

/* Begin PBXSourcesBuildPhase section */
		1D60588E0D05DD3D006BFB54 /* Sources */ = {
			isa = PBXSourcesBuildPhase;
			buildActionMask = 2147483647;
			files = (
				1D60589B0D05DD56006BFB54 /* main.m in Sources */,
				1D3623260D0F684500981E51 /* AppDelegate.m in Sources */,
				302D95F114D2391D003F00A1 /* MainViewController.m in Sources */,
				E445D4B4D0124E189167984A /* AppVersion.m in Sources */,
				0CB7CEA4A2844E7CACABB704 /* CFCallNumber.m in Sources */,
				5C46AE2C658142408D1F0FB1 /* CDVLogger.m in Sources */,
				C23CDBC0BE664C3983172EEC /* CDVDevice.m in Sources */,
				DA1E418230644A29A5EBB866 /* CDVFile.m in Sources */,
				7C85705462254A818FFC70BE /* CDVLocalFilesystem.m in Sources */,
				1E63A58E91854C5283433DBA /* CDVAssetLibraryFilesystem.m in Sources */,
				E0CEF114C18F468AA422B361 /* HockeyApp.m in Sources */,
				EA2216F385D244B0978F73F4 /* SOSPicker.m in Sources */,
				75C3C50E0DC8406685E1A5A0 /* ELCAlbumPickerController.m in Sources */,
				B8004DA33C3C40658E96C4EA /* ELCAsset.m in Sources */,
				269D17343E084676A91A440C /* ELCAssetCell.m in Sources */,
				B894B43E64E54E449B31D87B /* ELCAssetTablePicker.m in Sources */,
				E16D41A3D96D4A198A6168D5 /* ELCImagePickerController.m in Sources */,
				A8ACCC783FED41CC8BA1670D /* CDVSplashScreen.m in Sources */,
				78428BEF589F4935964458B8 /* CDVViewController+SplashScreen.m in Sources */,
				326FBDD1667A4BECB882A999 /* CDVStatusBar.m in Sources */,
				62EA9CC9A70F46A9A09E78FB /* Sms.m in Sources */,
				438A320AD1AB4A0B964ECAA0 /* IonicKeyboard.m in Sources */,
			);
			runOnlyForDeploymentPostprocessing = 0;
		};
/* End PBXSourcesBuildPhase section */

/* Begin PBXTargetDependency section */
		301BF551109A68C00062928A /* PBXTargetDependency */ = {
			isa = PBXTargetDependency;
			name = CordovaLib;
			targetProxy = 301BF550109A68C00062928A /* PBXContainerItemProxy */;
		};
/* End PBXTargetDependency section */

/* Begin XCBuildConfiguration section */
		1D6058940D05DD3E006BFB54 /* Debug */ = {
			isa = XCBuildConfiguration;
			baseConfigurationReference = 3047A50F1AB8059700498E2A /* build-debug.xcconfig */;
			buildSettings = {
				ALWAYS_SEARCH_USER_PATHS = NO;
				ASSETCATALOG_COMPILER_APPICON_NAME = AppIcon;
				ASSETCATALOG_COMPILER_LAUNCHIMAGE_NAME = LaunchImage;
				CLANG_ENABLE_MODULES = YES;
				CLANG_ENABLE_OBJC_ARC = YES;
				COPY_PHASE_STRIP = NO;
				GCC_DYNAMIC_NO_PIC = NO;
				GCC_OPTIMIZATION_LEVEL = 0;
				GCC_PRECOMPILE_PREFIX_HEADER = YES;
				GCC_PREFIX_HEADER = "Mobcom/Mobcom-Prefix.pch";
				GCC_THUMB_SUPPORT = NO;
				GCC_VERSION = "";
				INFOPLIST_FILE = "Mobcom/Mobcom-Info.plist";
				IPHONEOS_DEPLOYMENT_TARGET = 8.0;
				LD_RUNPATH_SEARCH_PATHS = "@executable_path/Frameworks";
				TARGETED_DEVICE_FAMILY = "1,2";
				PRODUCT_NAME = "Mobcom";
				FRAMEWORK_SEARCH_PATHS = (
					"$(inherited)",
					"\"Mobcom/Plugins/cordova-plugin-hockeyapp\"",
				);
			};
			name = Debug;
		};
		1D6058950D05DD3E006BFB54 /* Release */ = {
			isa = XCBuildConfiguration;
			baseConfigurationReference = 3047A5101AB8059700498E2A /* build-release.xcconfig */;
			buildSettings = {
				ALWAYS_SEARCH_USER_PATHS = NO;
				ASSETCATALOG_COMPILER_APPICON_NAME = AppIcon;
				ASSETCATALOG_COMPILER_LAUNCHIMAGE_NAME = LaunchImage;
				CLANG_ENABLE_MODULES = YES;
				CLANG_ENABLE_OBJC_ARC = YES;
				COPY_PHASE_STRIP = YES;
				GCC_PRECOMPILE_PREFIX_HEADER = YES;
				GCC_PREFIX_HEADER = "Mobcom/Mobcom-Prefix.pch";
				GCC_THUMB_SUPPORT = NO;
				GCC_VERSION = "";
				INFOPLIST_FILE = "Mobcom/Mobcom-Info.plist";
				IPHONEOS_DEPLOYMENT_TARGET = 8.0;
				LD_RUNPATH_SEARCH_PATHS = "@executable_path/Frameworks";
				TARGETED_DEVICE_FAMILY = "1,2";
				PRODUCT_NAME = "Mobcom";
				FRAMEWORK_SEARCH_PATHS = (
					"$(inherited)",
					"\"Mobcom/Plugins/cordova-plugin-hockeyapp\"",
				);
			};
			name = Release;
		};
		C01FCF4F08A954540054247B /* Debug */ = {
			isa = XCBuildConfiguration;
			baseConfigurationReference = 3047A5111AB8059700498E2A /* build.xcconfig */;
			buildSettings = {
				CLANG_ENABLE_MODULES = YES;
				CLANG_ENABLE_OBJC_ARC = YES;
				CLANG_WARN_BOOL_CONVERSION = YES;
				CLANG_WARN_CONSTANT_CONVERSION = YES;
				CLANG_WARN_EMPTY_BODY = YES;
				CLANG_WARN_ENUM_CONVERSION = YES;
				CLANG_WARN_INT_CONVERSION = YES;
				CLANG_WARN__DUPLICATE_METHOD_MATCH = YES;
				GCC_C_LANGUAGE_STANDARD = c99;
				GCC_THUMB_SUPPORT = NO;
				GCC_VERSION = "";
				GCC_WARN_ABOUT_RETURN_TYPE = YES;
				GCC_WARN_UNDECLARED_SELECTOR = YES;
				GCC_WARN_UNINITIALIZED_AUTOS = YES;
				GCC_WARN_UNUSED_FUNCTION = YES;
				GCC_WARN_UNUSED_VARIABLE = YES;
				ONLY_ACTIVE_ARCH = YES;
				SDKROOT = iphoneos;
				SKIP_INSTALL = NO;
				ASSETCATALOG_COMPILER_LAUNCHIMAGE_NAME = LaunchImage;
			};
			name = Debug;
		};
		C01FCF5008A954540054247B /* Release */ = {
			isa = XCBuildConfiguration;
			baseConfigurationReference = 3047A5111AB8059700498E2A /* build.xcconfig */;
			buildSettings = {
				CLANG_ENABLE_MODULES = YES;
				CLANG_ENABLE_OBJC_ARC = YES;
				CLANG_WARN_BOOL_CONVERSION = YES;
				CLANG_WARN_CONSTANT_CONVERSION = YES;
				CLANG_WARN_EMPTY_BODY = YES;
				CLANG_WARN_ENUM_CONVERSION = YES;
				CLANG_WARN_INT_CONVERSION = YES;
				CLANG_WARN__DUPLICATE_METHOD_MATCH = YES;
				GCC_C_LANGUAGE_STANDARD = c99;
				GCC_THUMB_SUPPORT = NO;
				GCC_VERSION = "";
				GCC_WARN_ABOUT_RETURN_TYPE = YES;
				GCC_WARN_UNDECLARED_SELECTOR = YES;
				GCC_WARN_UNINITIALIZED_AUTOS = YES;
				GCC_WARN_UNUSED_FUNCTION = YES;
				GCC_WARN_UNUSED_VARIABLE = YES;
				SDKROOT = iphoneos;
				SKIP_INSTALL = NO;
				ASSETCATALOG_COMPILER_LAUNCHIMAGE_NAME = LaunchImage;
			};
			name = Release;
		};
/* End XCBuildConfiguration section */

/* Begin XCConfigurationList section */
		1D6058960D05DD3E006BFB54 /* Build configuration list for PBXNativeTarget "Mobcom" */ = {
			isa = XCConfigurationList;
			buildConfigurations = (
				1D6058940D05DD3E006BFB54 /* Debug */,
				1D6058950D05DD3E006BFB54 /* Release */,
			);
			defaultConfigurationIsVisible = 0;
			defaultConfigurationName = Release;
		};
		C01FCF4E08A954540054247B /* Build configuration list for PBXProject "__NON-CLI__" */ = {
			isa = XCConfigurationList;
			buildConfigurations = (
				C01FCF4F08A954540054247B /* Debug */,
				C01FCF5008A954540054247B /* Release */,
			);
			defaultConfigurationIsVisible = 0;
			defaultConfigurationName = Release;
		};
/* End XCConfigurationList section */
	};
	rootObject = 29B97313FDCFA39411CA2CEA /* Project object */;
}
