// !$*UTF8*$!
{
	archiveVersion = 1;
	classes = {
	};
	objectVersion = 46;
	objects = {
/* Begin PBXBuildFile section */
		00CD8637D681492EB3160979 /* libstdc++.dylib in Frameworks */ = {isa = PBXBuildFile; fileRef = AB8ACCC05F62463792C06BEA /* libstdc++.dylib */; };
		0207DA581B56EA530066E2B4 /* Images.xcassets in Resources */ = {isa = PBXBuildFile; fileRef = 0207DA571B56EA530066E2B4 /* Images.xcassets */; };
		0635F593993C472DB1CEAA00 /* ELCAssetTablePicker.xib in Resources */ = {isa = PBXBuildFile; fileRef = 6AB9A4D4996F4A7BA05CA31C /* ELCAssetTablePicker.xib */; };
		159CDB4092A84ED3A37A8347 /* CDVViewController+SplashScreen.m in Sources */ = {isa = PBXBuildFile; fileRef = BFE4FE1DD21C42F781475602 /* CDVViewController+SplashScreen.m */; };
		1A351403A383464DA229F21D /* CDVDevice.m in Sources */ = {isa = PBXBuildFile; fileRef = 9B30119576F348E09F348ED4 /* CDVDevice.m */; };
		1D3623260D0F684500981E51 /* AppDelegate.m in Sources */ = {isa = PBXBuildFile; fileRef = 1D3623250D0F684500981E51 /* AppDelegate.m */; };
		1D60589B0D05DD56006BFB54 /* main.m in Sources */ = {isa = PBXBuildFile; fileRef = 29B97316FDCFA39411CA2CEA /* main.m */; };
		2A96A3D95B9A4CC4ADF1AC1E /* HockeyApp.m in Sources */ = {isa = PBXBuildFile; fileRef = 54339BEF228840BF85F5E1F6 /* HockeyApp.m */; };
		2CC6F66066A149988EB21F74 /* libz.tbd in Frameworks */ = {isa = PBXBuildFile; fileRef = 7B014453F0B9476F9B481C4F /* libz.tbd */; };
		301BF552109A68D80062928A /* libCordova.a in Frameworks */ = {isa = PBXBuildFile; fileRef = 301BF535109A57CC0062928A /* libCordova.a */; };
		302D95F114D2391D003F00A1 /* MainViewController.m in Sources */ = {isa = PBXBuildFile; fileRef = 302D95EF14D2391D003F00A1 /* MainViewController.m */; };
		302D95F214D2391D003F00A1 /* MainViewController.xib in Resources */ = {isa = PBXBuildFile; fileRef = 302D95F014D2391D003F00A1 /* MainViewController.xib */; };
		33FF47E18FE44BA19B28FA12 /* ELCImagePickerController.m in Sources */ = {isa = PBXBuildFile; fileRef = 10B95DC7E13747EF945035EE /* ELCImagePickerController.m */; };
		38A553CF176342B28C382275 /* CDVFile.m in Sources */ = {isa = PBXBuildFile; fileRef = 080B0A60752D4A0F9D847252 /* CDVFile.m */; };
		3C9798458BC24C12B8FA3155 /* Overlay@2x.png in Resources */ = {isa = PBXBuildFile; fileRef = EE7CF477CFC040DBAD3FED9F /* Overlay@2x.png */; };
		412E0A8495CB438386E2EB67 /* QuickLook.framework in Frameworks */ = {isa = PBXBuildFile; fileRef = 05EBF2F4DF9846D78E4AF10B /* QuickLook.framework */; };
		46FF61CD47FE4414B87368B5 /* ELCAlbumPickerController.xib in Resources */ = {isa = PBXBuildFile; fileRef = 0FC07A9D30D2400D86A2F5DB /* ELCAlbumPickerController.xib */; };
		48CDC84E1AB84C17BB34526A /* ELCAssetCell.m in Sources */ = {isa = PBXBuildFile; fileRef = 878001E63201466E9ABB17DF /* ELCAssetCell.m */; };
		4B67F52DFEFA4DCB8566366B /* Overlay.png in Resources */ = {isa = PBXBuildFile; fileRef = 4ED70B721BD34CEB88DE0185 /* Overlay.png */; };
		52C8A062A6EA47CC8C9652A4 /* SystemConfiguration.framework in Frameworks */ = {isa = PBXBuildFile; fileRef = 6DF29F3EF7DD44D59E7A84A7 /* SystemConfiguration.framework */; };
		599A89F98F654CC9BBB4C311 /* HockeySDKResources.bundle in Resources */ = {isa = PBXBuildFile; fileRef = D719A1D1CE714CFAAE3A9FBA /* HockeySDKResources.bundle */; };
		5F8EFAC8742E476DA510B73C /* UIKit.framework in Frameworks */ = {isa = PBXBuildFile; fileRef = F3230B47EDA14AADBBDAC72E /* UIKit.framework */; };
		6AFF5BF91D6E424B00AB3073 /* CDVLaunchScreen.storyboard in Resources */ = {isa = PBXBuildFile; fileRef = 6AFF5BF81D6E424B00AB3073 /* CDVLaunchScreen.storyboard */; };
		6F291D2BB56A433D9094BF0C /* HockeySDK.framework in Frameworks */ = {isa = PBXBuildFile; fileRef = CFCB61AE34694C8D865DC675 /* HockeySDK.framework */; };
		72325D65E67F49B98E9DF292 /* CoreText.framework in Frameworks */ = {isa = PBXBuildFile; fileRef = 270D5998DB63435A85D7410A /* CoreText.framework */; };
		730E4A6A68BE4AEDA18FFE16 /* CDVAssetLibraryFilesystem.m in Sources */ = {isa = PBXBuildFile; fileRef = D8A69BD8F85447E193A1826C /* CDVAssetLibraryFilesystem.m */; };
		8B5B5D1FBF8B48A289CD00A7 /* SOSPicker.m in Sources */ = {isa = PBXBuildFile; fileRef = 5AC185077B20443897E98DD7 /* SOSPicker.m */; };
		903E22A21FB744AEA34ED46F /* Security.framework in Frameworks */ = {isa = PBXBuildFile; fileRef = B588DDA77D7642099F909EE3 /* Security.framework */; };
		904F0848877B4C4187F5D672 /* ELCAsset.m in Sources */ = {isa = PBXBuildFile; fileRef = FF4CECF46ADC4CFBB6C048A1 /* ELCAsset.m */; };
		9B2A50A438E842008D59D1F3 /* ELCAlbumPickerController.m in Sources */ = {isa = PBXBuildFile; fileRef = EC973A73E6484935A0748291 /* ELCAlbumPickerController.m */; };
		A0F135228CF845B7AD1E2BCE /* CFCallNumber.m in Sources */ = {isa = PBXBuildFile; fileRef = 877816054FF74938A4FAA5ED /* CFCallNumber.m */; };
		A800AA975E5141EFA12FA4CC /* Sms.m in Sources */ = {isa = PBXBuildFile; fileRef = 6DE77F85BE544016B7ED46B6 /* Sms.m */; };
		AEF6CB4875934EAEB6CB7399 /* CDVStatusBar.m in Sources */ = {isa = PBXBuildFile; fileRef = 2D2C1E3D9470405FA53E5638 /* CDVStatusBar.m */; };
		B607044D06424468881C2820 /* ELCAssetTablePicker.m in Sources */ = {isa = PBXBuildFile; fileRef = 940B3788FE6F4C44B418685E /* ELCAssetTablePicker.m */; };
		B837452E4E3E4047AA513E09 /* CoreTelephony.framework in Frameworks */ = {isa = PBXBuildFile; fileRef = A2BA92C8F56E47AD9E4D4F4F /* CoreTelephony.framework */; };
		BD6A3EB3273346A983E87465 /* IonicKeyboard.m in Sources */ = {isa = PBXBuildFile; fileRef = A88D8D44095E49BABBE4CC8C /* IonicKeyboard.m */; };
		C01375E2A97844429248ED26 /* Photos.framework in Frameworks */ = {isa = PBXBuildFile; fileRef = 00D9A3ED572E41DBBA776060 /* Photos.framework */; };
		C410A905655E47C199888CA8 /* AppVersion.m in Sources */ = {isa = PBXBuildFile; fileRef = 3DB8240193C840AC9F50510D /* AppVersion.m */; };
		D4CCF843FA014D8BADA2B596 /* CDVSplashScreen.m in Sources */ = {isa = PBXBuildFile; fileRef = CD415DE212654159A35E790E /* CDVSplashScreen.m */; };
		D59111DFB5324FCAB1548D5D /* CDVLocalFilesystem.m in Sources */ = {isa = PBXBuildFile; fileRef = A7CFD6057C9248DFBED80E6B /* CDVLocalFilesystem.m */; };
		D5C9E4E1C66F4BA880BC320F /* QuartzCore.framework in Frameworks */ = {isa = PBXBuildFile; fileRef = F0ECF8BB72B346CBBE6249B3 /* QuartzCore.framework */; };
		E3A1397A22F54E7D8006FB1A /* libc++.dylib in Frameworks */ = {isa = PBXBuildFile; fileRef = F6AC7FDAEFA44700B9AD33CD /* libc++.dylib */; };
		EB25DFF047E848E285D44876 /* Foundation.framework in Frameworks */ = {isa = PBXBuildFile; fileRef = 6C2E92B110C04D7280D2FF5B /* Foundation.framework */; };
		ECFE07C918384F86BB0BD461 /* CDVLogger.m in Sources */ = {isa = PBXBuildFile; fileRef = 1F64ED6DC7B84E13AB6E08F3 /* CDVLogger.m */; };
		F8F1CCED3F6041D384FB1B3B /* ELCAssetPicker.xib in Resources */ = {isa = PBXBuildFile; fileRef = A39528ABAA0545C7A2C94F92 /* ELCAssetPicker.xib */; };
		FBA8A1C5C8134B39A791377D /* MessageUI.framework in Frameworks */ = {isa = PBXBuildFile; fileRef = 890131D688C94960B1BEA5D1 /* MessageUI.framework */; settings = {ATTRIBUTES = (Weak, ); }; };
/* End PBXBuildFile section */

/* Begin PBXContainerItemProxy section */
		301BF534109A57CC0062928A /* PBXContainerItemProxy */ = {
			isa = PBXContainerItemProxy;
			containerPortal = 301BF52D109A57CC0062928A /* CordovaLib.xcodeproj */;
			proxyType = 2;
			remoteGlobalIDString = D2AAC07E0554694100DB518D;
			remoteInfo = CordovaLib;
		};
		301BF550109A68C00062928A /* PBXContainerItemProxy */ = {
			isa = PBXContainerItemProxy;
			containerPortal = 301BF52D109A57CC0062928A /* CordovaLib.xcodeproj */;
			proxyType = 1;
			remoteGlobalIDString = D2AAC07D0554694100DB518D;
			remoteInfo = CordovaLib;
		};
/* End PBXContainerItemProxy section */

/* Begin PBXFileReference section */
		00D9A3ED572E41DBBA776060 /* Photos.framework */ = {isa = PBXFileReference; explicitFileType = undefined; fileEncoding = 9; includeInIndex = 0; lastKnownFileType = wrapper.framework; name = Photos.framework; path = System/Library/Frameworks/Photos.framework; sourceTree = SDKROOT; };
		0207DA571B56EA530066E2B4 /* Images.xcassets */ = {isa = PBXFileReference; lastKnownFileType = folder.assetcatalog; name = Images.xcassets; path = Mobcom/Images.xcassets; sourceTree = SOURCE_ROOT; };
		02F855EDF4A2429A92E7B462 /* ELCImagePickerController.h */ = {isa = PBXFileReference; explicitFileType = undefined; fileEncoding = 4; includeInIndex = 0; lastKnownFileType = sourcecode.c.h; name = ELCImagePickerController.h; path = "cordova-plugin-image-picker/ELCImagePickerController.h"; sourceTree = "<group>"; };
		05EBF2F4DF9846D78E4AF10B /* QuickLook.framework */ = {isa = PBXFileReference; explicitFileType = undefined; fileEncoding = 9; includeInIndex = 0; lastKnownFileType = wrapper.framework; name = QuickLook.framework; path = System/Library/Frameworks/QuickLook.framework; sourceTree = SDKROOT; };
		080B0A60752D4A0F9D847252 /* CDVFile.m */ = {isa = PBXFileReference; explicitFileType = undefined; fileEncoding = 4; includeInIndex = 0; lastKnownFileType = sourcecode.c.objc; name = CDVFile.m; path = "cordova-plugin-file/CDVFile.m"; sourceTree = "<group>"; };
		0FC07A9D30D2400D86A2F5DB /* ELCAlbumPickerController.xib */ = {isa = PBXFileReference; explicitFileType = undefined; fileEncoding = 9; includeInIndex = 0; lastKnownFileType = file.xib; path = ELCAlbumPickerController.xib; sourceTree = "<group>"; };
		10B95DC7E13747EF945035EE /* ELCImagePickerController.m */ = {isa = PBXFileReference; explicitFileType = undefined; fileEncoding = 4; includeInIndex = 0; lastKnownFileType = sourcecode.c.objc; name = ELCImagePickerController.m; path = "cordova-plugin-image-picker/ELCImagePickerController.m"; sourceTree = "<group>"; };
		1D3623240D0F684500981E51 /* AppDelegate.h */ = {isa = PBXFileReference; fileEncoding = 4; lastKnownFileType = sourcecode.c.h; path = AppDelegate.h; sourceTree = "<group>"; };
		1D3623250D0F684500981E51 /* AppDelegate.m */ = {isa = PBXFileReference; fileEncoding = 4; lastKnownFileType = sourcecode.c.objc; path = AppDelegate.m; sourceTree = "<group>"; };
		1D6058910D05DD3D006BFB54 /* Mobcom.app */ = {isa = PBXFileReference; explicitFileType = wrapper.application; includeInIndex = 0; path = Mobcom.app; sourceTree = BUILT_PRODUCTS_DIR; };
		1EC1C5A5844249AEBA00C87B /* Sms.h */ = {isa = PBXFileReference; explicitFileType = undefined; fileEncoding = 4; includeInIndex = 0; lastKnownFileType = sourcecode.c.h; name = Sms.h; path = "cordova-sms-plugin/Sms.h"; sourceTree = "<group>"; };
		1F64ED6DC7B84E13AB6E08F3 /* CDVLogger.m */ = {isa = PBXFileReference; explicitFileType = undefined; fileEncoding = 4; includeInIndex = 0; lastKnownFileType = sourcecode.c.objc; name = CDVLogger.m; path = "cordova-plugin-console/CDVLogger.m"; sourceTree = "<group>"; };
		270D5998DB63435A85D7410A /* CoreText.framework */ = {isa = PBXFileReference; explicitFileType = undefined; fileEncoding = 9; includeInIndex = 0; lastKnownFileType = wrapper.framework; name = CoreText.framework; path = System/Library/Frameworks/CoreText.framework; sourceTree = SDKROOT; };
		29B97316FDCFA39411CA2CEA /* main.m */ = {isa = PBXFileReference; fileEncoding = 4; lastKnownFileType = sourcecode.c.objc; path = main.m; sourceTree = "<group>"; };
		2AE8D61ACDA247829FA85B85 /* HockeyApp.h */ = {isa = PBXFileReference; explicitFileType = undefined; fileEncoding = 4; includeInIndex = 0; lastKnownFileType = sourcecode.c.h; name = HockeyApp.h; path = "cordova-plugin-hockeyapp/HockeyApp.h"; sourceTree = "<group>"; };
		2B0C0C1C01E849C0A531B3BF /* CDVViewController+SplashScreen.h */ = {isa = PBXFileReference; explicitFileType = undefined; fileEncoding = 4; includeInIndex = 0; lastKnownFileType = sourcecode.c.h; name = "CDVViewController+SplashScreen.h"; path = "cordova-plugin-splashscreen/CDVViewController+SplashScreen.h"; sourceTree = "<group>"; };
		2C1B249C344D454E8387BA85 /* AppVersion.h */ = {isa = PBXFileReference; explicitFileType = undefined; fileEncoding = 4; includeInIndex = 0; lastKnownFileType = sourcecode.c.h; name = AppVersion.h; path = "cordova-plugin-app-version/AppVersion.h"; sourceTree = "<group>"; };
		2D2C1E3D9470405FA53E5638 /* CDVStatusBar.m */ = {isa = PBXFileReference; explicitFileType = undefined; fileEncoding = 4; includeInIndex = 0; lastKnownFileType = sourcecode.c.objc; name = CDVStatusBar.m; path = "cordova-plugin-statusbar/CDVStatusBar.m"; sourceTree = "<group>"; };
		2EEEBA6293244CD1BF63AAED /* ELCAssetTablePicker.h */ = {isa = PBXFileReference; explicitFileType = undefined; fileEncoding = 4; includeInIndex = 0; lastKnownFileType = sourcecode.c.h; name = ELCAssetTablePicker.h; path = "cordova-plugin-image-picker/ELCAssetTablePicker.h"; sourceTree = "<group>"; };
		301BF52D109A57CC0062928A /* CordovaLib.xcodeproj */ = {isa = PBXFileReference; lastKnownFileType = "wrapper.pb-project"; name = CordovaLib.xcodeproj; path = CordovaLib/CordovaLib.xcodeproj; sourceTree = "<group>"; };
		301BF56E109A69640062928A /* www */ = {isa = PBXFileReference; lastKnownFileType = folder; path = www; sourceTree = SOURCE_ROOT; };
		302D95EE14D2391D003F00A1 /* MainViewController.h */ = {isa = PBXFileReference; fileEncoding = 4; lastKnownFileType = sourcecode.c.h; path = MainViewController.h; sourceTree = "<group>"; };
		302D95EF14D2391D003F00A1 /* MainViewController.m */ = {isa = PBXFileReference; fileEncoding = 4; lastKnownFileType = sourcecode.c.objc; path = MainViewController.m; sourceTree = "<group>"; };
		302D95F014D2391D003F00A1 /* MainViewController.xib */ = {isa = PBXFileReference; fileEncoding = 4; lastKnownFileType = file.xib; path = MainViewController.xib; sourceTree = "<group>"; };
		3047A50F1AB8059700498E2A /* build-debug.xcconfig */ = {isa = PBXFileReference; fileEncoding = 4; lastKnownFileType = text.xcconfig; name = "build-debug.xcconfig"; path = "cordova/build-debug.xcconfig"; sourceTree = SOURCE_ROOT; };
		3047A5101AB8059700498E2A /* build-release.xcconfig */ = {isa = PBXFileReference; fileEncoding = 4; lastKnownFileType = text.xcconfig; name = "build-release.xcconfig"; path = "cordova/build-release.xcconfig"; sourceTree = SOURCE_ROOT; };
		3047A5111AB8059700498E2A /* build.xcconfig */ = {isa = PBXFileReference; fileEncoding = 4; lastKnownFileType = text.xcconfig; name = build.xcconfig; path = cordova/build.xcconfig; sourceTree = SOURCE_ROOT; };
		3116D589F93048C4A6F5F814 /* SOSPicker.h */ = {isa = PBXFileReference; explicitFileType = undefined; fileEncoding = 4; includeInIndex = 0; lastKnownFileType = sourcecode.c.h; name = SOSPicker.h; path = "cordova-plugin-image-picker/SOSPicker.h"; sourceTree = "<group>"; };
		32CA4F630368D1EE00C91783 /* Mobcom-Prefix.pch */ = {isa = PBXFileReference; fileEncoding = 4; lastKnownFileType = sourcecode.c.h; path = "Mobcom-Prefix.pch"; sourceTree = "<group>"; };
		3DB8240193C840AC9F50510D /* AppVersion.m */ = {isa = PBXFileReference; explicitFileType = undefined; fileEncoding = 4; includeInIndex = 0; lastKnownFileType = sourcecode.c.objc; name = AppVersion.m; path = "cordova-plugin-app-version/AppVersion.m"; sourceTree = "<group>"; };
		4C422817E105459A81C361C9 /* CDVLocalFilesystem.h */ = {isa = PBXFileReference; explicitFileType = undefined; fileEncoding = 4; includeInIndex = 0; lastKnownFileType = sourcecode.c.h; name = CDVLocalFilesystem.h; path = "cordova-plugin-file/CDVLocalFilesystem.h"; sourceTree = "<group>"; };
		4D53FECCC88D4AF0912C8275 /* CDVLogger.h */ = {isa = PBXFileReference; explicitFileType = undefined; fileEncoding = 4; includeInIndex = 0; lastKnownFileType = sourcecode.c.h; name = CDVLogger.h; path = "cordova-plugin-console/CDVLogger.h"; sourceTree = "<group>"; };
		4ED70B721BD34CEB88DE0185 /* Overlay.png */ = {isa = PBXFileReference; explicitFileType = undefined; fileEncoding = 9; includeInIndex = 0; lastKnownFileType = unknown; path = Overlay.png; sourceTree = "<group>"; };
		54339BEF228840BF85F5E1F6 /* HockeyApp.m */ = {isa = PBXFileReference; explicitFileType = undefined; fileEncoding = 4; includeInIndex = 0; lastKnownFileType = sourcecode.c.objc; name = HockeyApp.m; path = "cordova-plugin-hockeyapp/HockeyApp.m"; sourceTree = "<group>"; };
		5AC185077B20443897E98DD7 /* SOSPicker.m */ = {isa = PBXFileReference; explicitFileType = undefined; fileEncoding = 4; includeInIndex = 0; lastKnownFileType = sourcecode.c.objc; name = SOSPicker.m; path = "cordova-plugin-image-picker/SOSPicker.m"; sourceTree = "<group>"; };
		5B323FF2C62F46B688995BE9 /* ELCAssetCell.h */ = {isa = PBXFileReference; explicitFileType = undefined; fileEncoding = 4; includeInIndex = 0; lastKnownFileType = sourcecode.c.h; name = ELCAssetCell.h; path = "cordova-plugin-image-picker/ELCAssetCell.h"; sourceTree = "<group>"; };
		67B91165A7904EC0A2110F59 /* CDVSplashScreen.h */ = {isa = PBXFileReference; explicitFileType = undefined; fileEncoding = 4; includeInIndex = 0; lastKnownFileType = sourcecode.c.h; name = CDVSplashScreen.h; path = "cordova-plugin-splashscreen/CDVSplashScreen.h"; sourceTree = "<group>"; };
		6AB9A4D4996F4A7BA05CA31C /* ELCAssetTablePicker.xib */ = {isa = PBXFileReference; explicitFileType = undefined; fileEncoding = 9; includeInIndex = 0; lastKnownFileType = file.xib; path = ELCAssetTablePicker.xib; sourceTree = "<group>"; };
		6AFF5BF81D6E424B00AB3073 /* CDVLaunchScreen.storyboard */ = {isa = PBXFileReference; fileEncoding = 4; lastKnownFileType = file.storyboard; name = CDVLaunchScreen.storyboard; path = Mobcom/CDVLaunchScreen.storyboard; sourceTree = SOURCE_ROOT; };
		6C2E92B110C04D7280D2FF5B /* Foundation.framework */ = {isa = PBXFileReference; explicitFileType = undefined; fileEncoding = 9; includeInIndex = 0; lastKnownFileType = wrapper.framework; name = Foundation.framework; path = System/Library/Frameworks/Foundation.framework; sourceTree = SDKROOT; };
		6DE77F85BE544016B7ED46B6 /* Sms.m */ = {isa = PBXFileReference; explicitFileType = undefined; fileEncoding = 4; includeInIndex = 0; lastKnownFileType = sourcecode.c.objc; name = Sms.m; path = "cordova-sms-plugin/Sms.m"; sourceTree = "<group>"; };
		6DF29F3EF7DD44D59E7A84A7 /* SystemConfiguration.framework */ = {isa = PBXFileReference; explicitFileType = undefined; fileEncoding = 9; includeInIndex = 0; lastKnownFileType = wrapper.framework; name = SystemConfiguration.framework; path = System/Library/Frameworks/SystemConfiguration.framework; sourceTree = SDKROOT; };
		7212C5DD35A74CD081604325 /* ELCAsset.h */ = {isa = PBXFileReference; explicitFileType = undefined; fileEncoding = 4; includeInIndex = 0; lastKnownFileType = sourcecode.c.h; name = ELCAsset.h; path = "cordova-plugin-image-picker/ELCAsset.h"; sourceTree = "<group>"; };
		74884548E1F74DA7BDEDB095 /* ELCAssetPickerFilterDelegate.h */ = {isa = PBXFileReference; explicitFileType = undefined; fileEncoding = 4; includeInIndex = 0; lastKnownFileType = sourcecode.c.h; name = ELCAssetPickerFilterDelegate.h; path = "cordova-plugin-image-picker/ELCAssetPickerFilterDelegate.h"; sourceTree = "<group>"; };
		7B014453F0B9476F9B481C4F /* libz.tbd */ = {isa = PBXFileReference; explicitFileType = undefined; fileEncoding = 9; includeInIndex = 0; lastKnownFileType = "sourcecode.text-based-dylib-definition"; name = libz.tbd; path = usr/lib/libz.tbd; sourceTree = SDKROOT; };
		85F70DDEAE4E4169AEE64410 /* CDVFile.h */ = {isa = PBXFileReference; explicitFileType = undefined; fileEncoding = 4; includeInIndex = 0; lastKnownFileType = sourcecode.c.h; name = CDVFile.h; path = "cordova-plugin-file/CDVFile.h"; sourceTree = "<group>"; };
		877816054FF74938A4FAA5ED /* CFCallNumber.m */ = {isa = PBXFileReference; explicitFileType = undefined; fileEncoding = 4; includeInIndex = 0; lastKnownFileType = sourcecode.c.objc; name = CFCallNumber.m; path = "cordova-plugin-call-number/CFCallNumber.m"; sourceTree = "<group>"; };
		878001E63201466E9ABB17DF /* ELCAssetCell.m */ = {isa = PBXFileReference; explicitFileType = undefined; fileEncoding = 4; includeInIndex = 0; lastKnownFileType = sourcecode.c.objc; name = ELCAssetCell.m; path = "cordova-plugin-image-picker/ELCAssetCell.m"; sourceTree = "<group>"; };
		890131D688C94960B1BEA5D1 /* MessageUI.framework */ = {isa = PBXFileReference; explicitFileType = undefined; fileEncoding = 9; includeInIndex = 0; lastKnownFileType = wrapper.framework; name = MessageUI.framework; path = System/Library/Frameworks/MessageUI.framework; sourceTree = SDKROOT; };
		8B4E9A6A4C7C44F49BF871B2 /* CDVDevice.h */ = {isa = PBXFileReference; explicitFileType = undefined; fileEncoding = 4; includeInIndex = 0; lastKnownFileType = sourcecode.c.h; name = CDVDevice.h; path = "cordova-plugin-device/CDVDevice.h"; sourceTree = "<group>"; };
		8D1107310486CEB800E47090 /* Mobcom-Info.plist */ = {isa = PBXFileReference; fileEncoding = 4; lastKnownFileType = text.plist.xml; name = "Mobcom-Info.plist"; path = "Mobcom/Mobcom-Info.plist"; plistStructureDefinitionIdentifier = "com.apple.xcode.plist.structure-definition.iphone.info-plist"; sourceTree = SOURCE_ROOT; };
		916464EAC51549F58FC2D842 /* CFCallNumber.h */ = {isa = PBXFileReference; explicitFileType = undefined; fileEncoding = 4; includeInIndex = 0; lastKnownFileType = sourcecode.c.h; name = CFCallNumber.h; path = "cordova-plugin-call-number/CFCallNumber.h"; sourceTree = "<group>"; };
		940B3788FE6F4C44B418685E /* ELCAssetTablePicker.m */ = {isa = PBXFileReference; explicitFileType = undefined; fileEncoding = 4; includeInIndex = 0; lastKnownFileType = sourcecode.c.objc; name = ELCAssetTablePicker.m; path = "cordova-plugin-image-picker/ELCAssetTablePicker.m"; sourceTree = "<group>"; };
		9B30119576F348E09F348ED4 /* CDVDevice.m */ = {isa = PBXFileReference; explicitFileType = undefined; fileEncoding = 4; includeInIndex = 0; lastKnownFileType = sourcecode.c.objc; name = CDVDevice.m; path = "cordova-plugin-device/CDVDevice.m"; sourceTree = "<group>"; };
		A2BA92C8F56E47AD9E4D4F4F /* CoreTelephony.framework */ = {isa = PBXFileReference; explicitFileType = undefined; fileEncoding = 9; includeInIndex = 0; lastKnownFileType = wrapper.framework; name = CoreTelephony.framework; path = System/Library/Frameworks/CoreTelephony.framework; sourceTree = SDKROOT; };
		A39528ABAA0545C7A2C94F92 /* ELCAssetPicker.xib */ = {isa = PBXFileReference; explicitFileType = undefined; fileEncoding = 9; includeInIndex = 0; lastKnownFileType = file.xib; path = ELCAssetPicker.xib; sourceTree = "<group>"; };
		A7CFD6057C9248DFBED80E6B /* CDVLocalFilesystem.m */ = {isa = PBXFileReference; explicitFileType = undefined; fileEncoding = 4; includeInIndex = 0; lastKnownFileType = sourcecode.c.objc; name = CDVLocalFilesystem.m; path = "cordova-plugin-file/CDVLocalFilesystem.m"; sourceTree = "<group>"; };
		A88D8D44095E49BABBE4CC8C /* IonicKeyboard.m */ = {isa = PBXFileReference; explicitFileType = undefined; fileEncoding = 4; includeInIndex = 0; lastKnownFileType = sourcecode.c.objc; name = IonicKeyboard.m; path = "ionic-plugin-keyboard/IonicKeyboard.m"; sourceTree = "<group>"; };
		AB8ACCC05F62463792C06BEA /* libstdc++.dylib */ = {isa = PBXFileReference; explicitFileType = undefined; fileEncoding = 9; includeInIndex = 0; lastKnownFileType = "compiled.mach-o.dylib"; name = "libstdc++.dylib"; path = "usr/lib/libstdc++.dylib"; sourceTree = SDKROOT; };
		B588DDA77D7642099F909EE3 /* Security.framework */ = {isa = PBXFileReference; explicitFileType = undefined; fileEncoding = 9; includeInIndex = 0; lastKnownFileType = wrapper.framework; name = Security.framework; path = System/Library/Frameworks/Security.framework; sourceTree = SDKROOT; };
		B85EBCC6BEDD45C2B66D3C9E /* CDVStatusBar.h */ = {isa = PBXFileReference; explicitFileType = undefined; fileEncoding = 4; includeInIndex = 0; lastKnownFileType = sourcecode.c.h; name = CDVStatusBar.h; path = "cordova-plugin-statusbar/CDVStatusBar.h"; sourceTree = "<group>"; };
		BFE4FE1DD21C42F781475602 /* CDVViewController+SplashScreen.m */ = {isa = PBXFileReference; explicitFileType = undefined; fileEncoding = 4; includeInIndex = 0; lastKnownFileType = sourcecode.c.objc; name = "CDVViewController+SplashScreen.m"; path = "cordova-plugin-splashscreen/CDVViewController+SplashScreen.m"; sourceTree = "<group>"; };
		C0290474838C42139B8313D1 /* IonicKeyboard.h */ = {isa = PBXFileReference; explicitFileType = undefined; fileEncoding = 4; includeInIndex = 0; lastKnownFileType = sourcecode.c.h; name = IonicKeyboard.h; path = "ionic-plugin-keyboard/IonicKeyboard.h"; sourceTree = "<group>"; };
		C37018ACC58849ADB6EFE163 /* ELCAlbumPickerController.h */ = {isa = PBXFileReference; explicitFileType = undefined; fileEncoding = 4; includeInIndex = 0; lastKnownFileType = sourcecode.c.h; name = ELCAlbumPickerController.h; path = "cordova-plugin-image-picker/ELCAlbumPickerController.h"; sourceTree = "<group>"; };
		CD415DE212654159A35E790E /* CDVSplashScreen.m */ = {isa = PBXFileReference; explicitFileType = undefined; fileEncoding = 4; includeInIndex = 0; lastKnownFileType = sourcecode.c.objc; name = CDVSplashScreen.m; path = "cordova-plugin-splashscreen/CDVSplashScreen.m"; sourceTree = "<group>"; };
		CFCB61AE34694C8D865DC675 /* HockeySDK.framework */ = {isa = PBXFileReference; explicitFileType = undefined; fileEncoding = 9; includeInIndex = 0; lastKnownFileType = wrapper.framework; name = HockeySDK.framework; path = "Mobcom/Plugins/cordova-plugin-hockeyapp/HockeySDK.framework"; sourceTree = "<group>"; };
		D719A1D1CE714CFAAE3A9FBA /* HockeySDKResources.bundle */ = {isa = PBXFileReference; explicitFileType = undefined; fileEncoding = 9; includeInIndex = 0; lastKnownFileType = "wrapper.plug-in"; path = HockeySDKResources.bundle; sourceTree = "<group>"; };
		D8A69BD8F85447E193A1826C /* CDVAssetLibraryFilesystem.m */ = {isa = PBXFileReference; explicitFileType = undefined; fileEncoding = 4; includeInIndex = 0; lastKnownFileType = sourcecode.c.objc; name = CDVAssetLibraryFilesystem.m; path = "cordova-plugin-file/CDVAssetLibraryFilesystem.m"; sourceTree = "<group>"; };
		E784282A702C4E5AAA1BD3D5 /* ELCAssetSelectionDelegate.h */ = {isa = PBXFileReference; explicitFileType = undefined; fileEncoding = 4; includeInIndex = 0; lastKnownFileType = sourcecode.c.h; name = ELCAssetSelectionDelegate.h; path = "cordova-plugin-image-picker/ELCAssetSelectionDelegate.h"; sourceTree = "<group>"; };
		EB6E2D7543B64C488B87EB96 /* CDVAssetLibraryFilesystem.h */ = {isa = PBXFileReference; explicitFileType = undefined; fileEncoding = 4; includeInIndex = 0; lastKnownFileType = sourcecode.c.h; name = CDVAssetLibraryFilesystem.h; path = "cordova-plugin-file/CDVAssetLibraryFilesystem.h"; sourceTree = "<group>"; };
		EB87FDF31871DA8E0020F90C /* www */ = {isa = PBXFileReference; lastKnownFileType = folder; name = www; path = ../../www; sourceTree = "<group>"; };
		EB87FDF41871DAF40020F90C /* config.xml */ = {isa = PBXFileReference; lastKnownFileType = text.xml; name = config.xml; path = ../../config.xml; sourceTree = "<group>"; };
		EC973A73E6484935A0748291 /* ELCAlbumPickerController.m */ = {isa = PBXFileReference; explicitFileType = undefined; fileEncoding = 4; includeInIndex = 0; lastKnownFileType = sourcecode.c.objc; name = ELCAlbumPickerController.m; path = "cordova-plugin-image-picker/ELCAlbumPickerController.m"; sourceTree = "<group>"; };
		ED33DF2A687741AEAF9F8254 /* Bridging-Header.h */ = {isa = PBXFileReference; fileEncoding = 4; lastKnownFileType = sourcecode.c.h; path = "Bridging-Header.h"; sourceTree = "<group>"; };
		EE7CF477CFC040DBAD3FED9F /* Overlay@2x.png */ = {isa = PBXFileReference; explicitFileType = undefined; fileEncoding = 9; includeInIndex = 0; lastKnownFileType = unknown; path = "Overlay@2x.png"; sourceTree = "<group>"; };
		F0ECF8BB72B346CBBE6249B3 /* QuartzCore.framework */ = {isa = PBXFileReference; explicitFileType = undefined; fileEncoding = 9; includeInIndex = 0; lastKnownFileType = wrapper.framework; name = QuartzCore.framework; path = System/Library/Frameworks/QuartzCore.framework; sourceTree = SDKROOT; };
		F3230B47EDA14AADBBDAC72E /* UIKit.framework */ = {isa = PBXFileReference; explicitFileType = undefined; fileEncoding = 9; includeInIndex = 0; lastKnownFileType = wrapper.framework; name = UIKit.framework; path = System/Library/Frameworks/UIKit.framework; sourceTree = SDKROOT; };
		F6AC7FDAEFA44700B9AD33CD /* libc++.dylib */ = {isa = PBXFileReference; explicitFileType = undefined; fileEncoding = 9; includeInIndex = 0; lastKnownFileType = "compiled.mach-o.dylib"; name = "libc++.dylib"; path = "usr/lib/libc++.dylib"; sourceTree = SDKROOT; };
		F840E1F0165FE0F500CFE078 /* config.xml */ = {isa = PBXFileReference; lastKnownFileType = text.xml; name = config.xml; path = Mobcom/config.xml; sourceTree = "<group>"; };
		FF4CECF46ADC4CFBB6C048A1 /* ELCAsset.m */ = {isa = PBXFileReference; explicitFileType = undefined; fileEncoding = 4; includeInIndex = 0; lastKnownFileType = sourcecode.c.objc; name = ELCAsset.m; path = "cordova-plugin-image-picker/ELCAsset.m"; sourceTree = "<group>"; };
/* End PBXFileReference section */

/* Begin PBXFrameworksBuildPhase section */
		1D60588F0D05DD3D006BFB54 /* Frameworks */ = {
			isa = PBXFrameworksBuildPhase;
			buildActionMask = 2147483647;
			files = (
				301BF552109A68D80062928A /* libCordova.a in Frameworks */,
				6F291D2BB56A433D9094BF0C /* HockeySDK.framework in Frameworks */,
				00CD8637D681492EB3160979 /* libstdc++.dylib in Frameworks */,
				E3A1397A22F54E7D8006FB1A /* libc++.dylib in Frameworks */,
				2CC6F66066A149988EB21F74 /* libz.tbd in Frameworks */,
				72325D65E67F49B98E9DF292 /* CoreText.framework in Frameworks */,
				B837452E4E3E4047AA513E09 /* CoreTelephony.framework in Frameworks */,
				EB25DFF047E848E285D44876 /* Foundation.framework in Frameworks */,
				C01375E2A97844429248ED26 /* Photos.framework in Frameworks */,
				D5C9E4E1C66F4BA880BC320F /* QuartzCore.framework in Frameworks */,
				412E0A8495CB438386E2EB67 /* QuickLook.framework in Frameworks */,
				903E22A21FB744AEA34ED46F /* Security.framework in Frameworks */,
				52C8A062A6EA47CC8C9652A4 /* SystemConfiguration.framework in Frameworks */,
				5F8EFAC8742E476DA510B73C /* UIKit.framework in Frameworks */,
				FBA8A1C5C8134B39A791377D /* MessageUI.framework in Frameworks */,
			);
			runOnlyForDeploymentPostprocessing = 0;
		};
/* End PBXFrameworksBuildPhase section */

/* Begin PBXGroup section */
		080E96DDFE201D6D7F000001 /* Classes */ = {
			isa = PBXGroup;
			children = (
				302D95EE14D2391D003F00A1 /* MainViewController.h */,
				302D95EF14D2391D003F00A1 /* MainViewController.m */,
				302D95F014D2391D003F00A1 /* MainViewController.xib */,
				1D3623240D0F684500981E51 /* AppDelegate.h */,
				1D3623250D0F684500981E51 /* AppDelegate.m */,
			);
			name = Classes;
			path = Mobcom/Classes;
			sourceTree = SOURCE_ROOT;
		};
		19C28FACFE9D520D11CA2CBB /* Products */ = {
			isa = PBXGroup;
			children = (
				1D6058910D05DD3D006BFB54 /* Mobcom.app */,
			);
			name = Products;
			sourceTree = "<group>";
		};
		29B97314FDCFA39411CA2CEA /* CustomTemplate */ = {
			isa = PBXGroup;
			children = (
				EB87FDF41871DAF40020F90C /* config.xml */,
				EB87FDF31871DA8E0020F90C /* www */,
				EB87FDF11871DA420020F90C /* Staging */,
				301BF52D109A57CC0062928A /* CordovaLib.xcodeproj */,
				080E96DDFE201D6D7F000001 /* Classes */,
				307C750510C5A3420062BCA9 /* Plugins */,
				29B97315FDCFA39411CA2CEA /* Other Sources */,
				29B97317FDCFA39411CA2CEA /* Resources */,
				29B97323FDCFA39411CA2CEA /* Frameworks */,
				19C28FACFE9D520D11CA2CBB /* Products */,
			);
			name = CustomTemplate;
			sourceTree = "<group>";
		};
		29B97315FDCFA39411CA2CEA /* Other Sources */ = {
			isa = PBXGroup;
			children = (
				32CA4F630368D1EE00C91783 /* Mobcom-Prefix.pch */,
				29B97316FDCFA39411CA2CEA /* main.m */,
				ED33DF2A687741AEAF9F8254 /* Bridging-Header.h */,
			);
			name = "Other Sources";
			path = Mobcom;
			sourceTree = "<group>";
		};
		29B97317FDCFA39411CA2CEA /* Resources */ = {
			isa = PBXGroup;
			children = (
				0207DA571B56EA530066E2B4 /* Images.xcassets */,
				3047A50E1AB8057F00498E2A /* config */,
				8D1107310486CEB800E47090 /* Mobcom-Info.plist */,
				6AFF5BF81D6E424B00AB3073 /* CDVLaunchScreen.storyboard */,
				D719A1D1CE714CFAAE3A9FBA /* HockeySDKResources.bundle */,
				0FC07A9D30D2400D86A2F5DB /* ELCAlbumPickerController.xib */,
				A39528ABAA0545C7A2C94F92 /* ELCAssetPicker.xib */,
				6AB9A4D4996F4A7BA05CA31C /* ELCAssetTablePicker.xib */,
				4ED70B721BD34CEB88DE0185 /* Overlay.png */,
				EE7CF477CFC040DBAD3FED9F /* Overlay@2x.png */,
			);
			name = Resources;
			path = Mobcom/Resources;
			sourceTree = "<group>";
		};
		29B97323FDCFA39411CA2CEA /* Frameworks */ = {
			isa = PBXGroup;
			children = (
				CFCB61AE34694C8D865DC675 /* HockeySDK.framework */,
				AB8ACCC05F62463792C06BEA /* libstdc++.dylib */,
				F6AC7FDAEFA44700B9AD33CD /* libc++.dylib */,
				7B014453F0B9476F9B481C4F /* libz.tbd */,
				270D5998DB63435A85D7410A /* CoreText.framework */,
				A2BA92C8F56E47AD9E4D4F4F /* CoreTelephony.framework */,
				6C2E92B110C04D7280D2FF5B /* Foundation.framework */,
				00D9A3ED572E41DBBA776060 /* Photos.framework */,
				F0ECF8BB72B346CBBE6249B3 /* QuartzCore.framework */,
				05EBF2F4DF9846D78E4AF10B /* QuickLook.framework */,
				B588DDA77D7642099F909EE3 /* Security.framework */,
				6DF29F3EF7DD44D59E7A84A7 /* SystemConfiguration.framework */,
				F3230B47EDA14AADBBDAC72E /* UIKit.framework */,
				890131D688C94960B1BEA5D1 /* MessageUI.framework */,
			);
			name = Frameworks;
			sourceTree = "<group>";
		};
		301BF52E109A57CC0062928A /* Products */ = {
			isa = PBXGroup;
			children = (
				301BF535109A57CC0062928A /* libCordova.a */,
			);
			name = Products;
			sourceTree = "<group>";
		};
		3047A50E1AB8057F00498E2A /* config */ = {
			isa = PBXGroup;
			children = (
				3047A50F1AB8059700498E2A /* build-debug.xcconfig */,
				3047A5101AB8059700498E2A /* build-release.xcconfig */,
				3047A5111AB8059700498E2A /* build.xcconfig */,
			);
			name = config;
			sourceTree = "<group>";
		};
		307C750510C5A3420062BCA9 /* Plugins */ = {
			isa = PBXGroup;
			children = (
				3DB8240193C840AC9F50510D /* AppVersion.m */,
				2C1B249C344D454E8387BA85 /* AppVersion.h */,
				877816054FF74938A4FAA5ED /* CFCallNumber.m */,
				916464EAC51549F58FC2D842 /* CFCallNumber.h */,
				1F64ED6DC7B84E13AB6E08F3 /* CDVLogger.m */,
				4D53FECCC88D4AF0912C8275 /* CDVLogger.h */,
				9B30119576F348E09F348ED4 /* CDVDevice.m */,
				8B4E9A6A4C7C44F49BF871B2 /* CDVDevice.h */,
				080B0A60752D4A0F9D847252 /* CDVFile.m */,
				A7CFD6057C9248DFBED80E6B /* CDVLocalFilesystem.m */,
				D8A69BD8F85447E193A1826C /* CDVAssetLibraryFilesystem.m */,
				85F70DDEAE4E4169AEE64410 /* CDVFile.h */,
				4C422817E105459A81C361C9 /* CDVLocalFilesystem.h */,
				EB6E2D7543B64C488B87EB96 /* CDVAssetLibraryFilesystem.h */,
				54339BEF228840BF85F5E1F6 /* HockeyApp.m */,
				2AE8D61ACDA247829FA85B85 /* HockeyApp.h */,
				5AC185077B20443897E98DD7 /* SOSPicker.m */,
				EC973A73E6484935A0748291 /* ELCAlbumPickerController.m */,
				FF4CECF46ADC4CFBB6C048A1 /* ELCAsset.m */,
				878001E63201466E9ABB17DF /* ELCAssetCell.m */,
				940B3788FE6F4C44B418685E /* ELCAssetTablePicker.m */,
				10B95DC7E13747EF945035EE /* ELCImagePickerController.m */,
				3116D589F93048C4A6F5F814 /* SOSPicker.h */,
				C37018ACC58849ADB6EFE163 /* ELCAlbumPickerController.h */,
				7212C5DD35A74CD081604325 /* ELCAsset.h */,
				5B323FF2C62F46B688995BE9 /* ELCAssetCell.h */,
				74884548E1F74DA7BDEDB095 /* ELCAssetPickerFilterDelegate.h */,
				E784282A702C4E5AAA1BD3D5 /* ELCAssetSelectionDelegate.h */,
				2EEEBA6293244CD1BF63AAED /* ELCAssetTablePicker.h */,
				02F855EDF4A2429A92E7B462 /* ELCImagePickerController.h */,
				CD415DE212654159A35E790E /* CDVSplashScreen.m */,
				BFE4FE1DD21C42F781475602 /* CDVViewController+SplashScreen.m */,
				67B91165A7904EC0A2110F59 /* CDVSplashScreen.h */,
				2B0C0C1C01E849C0A531B3BF /* CDVViewController+SplashScreen.h */,
				2D2C1E3D9470405FA53E5638 /* CDVStatusBar.m */,
				B85EBCC6BEDD45C2B66D3C9E /* CDVStatusBar.h */,
				6DE77F85BE544016B7ED46B6 /* Sms.m */,
				1EC1C5A5844249AEBA00C87B /* Sms.h */,
				A88D8D44095E49BABBE4CC8C /* IonicKeyboard.m */,
				C0290474838C42139B8313D1 /* IonicKeyboard.h */,
			);
			name = Plugins;
			path = Mobcom/Plugins;
			sourceTree = SOURCE_ROOT;
		};
		EB87FDF11871DA420020F90C /* Staging */ = {
			isa = PBXGroup;
			children = (
				F840E1F0165FE0F500CFE078 /* config.xml */,
				301BF56E109A69640062928A /* www */,
			);
			name = Staging;
			sourceTree = "<group>";
		};
/* End PBXGroup section */

/* Begin PBXNativeTarget section */
		1D6058900D05DD3D006BFB54 /* Mobcom */ = {
			isa = PBXNativeTarget;
			buildConfigurationList = 1D6058960D05DD3E006BFB54 /* Build configuration list for PBXNativeTarget "Mobcom" */;
			buildPhases = (
				304B58A110DAC018002A0835 /* Copy www directory */,
				1D60588D0D05DD3D006BFB54 /* Resources */,
				1D60588E0D05DD3D006BFB54 /* Sources */,
				1D60588F0D05DD3D006BFB54 /* Frameworks */,
			);
			buildRules = (
			);
			dependencies = (
				301BF551109A68C00062928A /* PBXTargetDependency */,
			);
			name = Mobcom;
			productName = Mobcom;
			productReference = 1D6058910D05DD3D006BFB54 /* Mobcom.app */;
			productType = "com.apple.product-type.application";
		};
/* End PBXNativeTarget section */

/* Begin PBXProject section */
		29B97313FDCFA39411CA2CEA /* Project object */ = {
			isa = PBXProject;
			attributes = {
				LastUpgradeCheck = 940;
				TargetAttributes = {
					1D6058900D05DD3D006BFB54 = {
						DevelopmentTeam = 8S86SJF36W;
						ProvisioningStyle = Manual;
					};
				};
			};
			buildConfigurationList = C01FCF4E08A954540054247B /* Build configuration list for PBXProject "Mobcom" */;
			compatibilityVersion = "Xcode 3.2";
			developmentRegion = English;
			hasScannedForEncodings = 1;
			knownRegions = (
				en,
			);
			mainGroup = 29B97314FDCFA39411CA2CEA /* CustomTemplate */;
			projectDirPath = "";
			projectReferences = (
				{
					ProductGroup = 301BF52E109A57CC0062928A /* Products */;
					ProjectRef = 301BF52D109A57CC0062928A /* CordovaLib.xcodeproj */;
				},
			);
			projectRoot = "";
			targets = (
				1D6058900D05DD3D006BFB54 /* Mobcom */,
			);
		};
/* End PBXProject section */

/* Begin PBXReferenceProxy section */
		301BF535109A57CC0062928A /* libCordova.a */ = {
			isa = PBXReferenceProxy;
			fileType = archive.ar;
			path = libCordova.a;
			remoteRef = 301BF534109A57CC0062928A /* PBXContainerItemProxy */;
			sourceTree = BUILT_PRODUCTS_DIR;
		};
/* End PBXReferenceProxy section */

/* Begin PBXResourcesBuildPhase section */
		1D60588D0D05DD3D006BFB54 /* Resources */ = {
			isa = PBXResourcesBuildPhase;
			buildActionMask = 2147483647;
			files = (
				302D95F214D2391D003F00A1 /* MainViewController.xib in Resources */,
				0207DA581B56EA530066E2B4 /* Images.xcassets in Resources */,
				6AFF5BF91D6E424B00AB3073 /* CDVLaunchScreen.storyboard in Resources */,
				599A89F98F654CC9BBB4C311 /* HockeySDKResources.bundle in Resources */,
				46FF61CD47FE4414B87368B5 /* ELCAlbumPickerController.xib in Resources */,
				F8F1CCED3F6041D384FB1B3B /* ELCAssetPicker.xib in Resources */,
				0635F593993C472DB1CEAA00 /* ELCAssetTablePicker.xib in Resources */,
				4B67F52DFEFA4DCB8566366B /* Overlay.png in Resources */,
				3C9798458BC24C12B8FA3155 /* Overlay@2x.png in Resources */,
			);
			runOnlyForDeploymentPostprocessing = 0;
		};
/* End PBXResourcesBuildPhase section */

/* Begin PBXShellScriptBuildPhase section */
		304B58A110DAC018002A0835 /* Copy www directory */ = {
			isa = PBXShellScriptBuildPhase;
			buildActionMask = 2147483647;
			files = (
			);
			inputPaths = (
			);
			name = "Copy www directory";
			outputPaths = (
			);
			runOnlyForDeploymentPostprocessing = 0;
			shellPath = /bin/sh;
			shellScript = "NODEJS_PATH=/usr/local/bin; NVM_NODE_PATH=~/.nvm/versions/node/`nvm version 2>/dev/null`/bin; N_NODE_PATH=`find /usr/local/n/versions/node/* -maxdepth 0 -type d 2>/dev/null | tail -1`/bin; XCODE_NODE_PATH=`xcode-select --print-path`/usr/share/xcs/Node/bin; PATH=$NODEJS_PATH:$NVM_NODE_PATH:$N_NODE_PATH:$XCODE_NODE_PATH:$PATH && node cordova/lib/copy-www-build-step.js";
			showEnvVarsInLog = 0;
		};
/* End PBXShellScriptBuildPhase section */

/* Begin PBXSourcesBuildPhase section */
		1D60588E0D05DD3D006BFB54 /* Sources */ = {
			isa = PBXSourcesBuildPhase;
			buildActionMask = 2147483647;
			files = (
				1D60589B0D05DD56006BFB54 /* main.m in Sources */,
				1D3623260D0F684500981E51 /* AppDelegate.m in Sources */,
				302D95F114D2391D003F00A1 /* MainViewController.m in Sources */,
				C410A905655E47C199888CA8 /* AppVersion.m in Sources */,
				A0F135228CF845B7AD1E2BCE /* CFCallNumber.m in Sources */,
				ECFE07C918384F86BB0BD461 /* CDVLogger.m in Sources */,
				1A351403A383464DA229F21D /* CDVDevice.m in Sources */,
				38A553CF176342B28C382275 /* CDVFile.m in Sources */,
				D59111DFB5324FCAB1548D5D /* CDVLocalFilesystem.m in Sources */,
				730E4A6A68BE4AEDA18FFE16 /* CDVAssetLibraryFilesystem.m in Sources */,
				2A96A3D95B9A4CC4ADF1AC1E /* HockeyApp.m in Sources */,
				8B5B5D1FBF8B48A289CD00A7 /* SOSPicker.m in Sources */,
				9B2A50A438E842008D59D1F3 /* ELCAlbumPickerController.m in Sources */,
				904F0848877B4C4187F5D672 /* ELCAsset.m in Sources */,
				48CDC84E1AB84C17BB34526A /* ELCAssetCell.m in Sources */,
				B607044D06424468881C2820 /* ELCAssetTablePicker.m in Sources */,
				33FF47E18FE44BA19B28FA12 /* ELCImagePickerController.m in Sources */,
				D4CCF843FA014D8BADA2B596 /* CDVSplashScreen.m in Sources */,
				159CDB4092A84ED3A37A8347 /* CDVViewController+SplashScreen.m in Sources */,
				AEF6CB4875934EAEB6CB7399 /* CDVStatusBar.m in Sources */,
				A800AA975E5141EFA12FA4CC /* Sms.m in Sources */,
				BD6A3EB3273346A983E87465 /* IonicKeyboard.m in Sources */,
			);
			runOnlyForDeploymentPostprocessing = 0;
		};
/* End PBXSourcesBuildPhase section */

/* Begin PBXTargetDependency section */
		301BF551109A68C00062928A /* PBXTargetDependency */ = {
			isa = PBXTargetDependency;
			name = CordovaLib;
			targetProxy = 301BF550109A68C00062928A /* PBXContainerItemProxy */;
		};
/* End PBXTargetDependency section */

/* Begin XCBuildConfiguration section */
		1D6058940D05DD3E006BFB54 /* Debug */ = {
			isa = XCBuildConfiguration;
			baseConfigurationReference = 3047A50F1AB8059700498E2A /* build-debug.xcconfig */;
			buildSettings = {
				ALWAYS_SEARCH_USER_PATHS = NO;
				ASSETCATALOG_COMPILER_APPICON_NAME = AppIcon;
				ASSETCATALOG_COMPILER_LAUNCHIMAGE_NAME = LaunchImage;
				CLANG_ENABLE_MODULES = YES;
				CLANG_ENABLE_OBJC_ARC = YES;
				CODE_SIGN_IDENTITY = "iPhone Distribution";
				CODE_SIGN_STYLE = Manual;
				COPY_PHASE_STRIP = NO;
				DEVELOPMENT_TEAM = 8S86SJF36W;
				FRAMEWORK_SEARCH_PATHS = (
					"$(inherited)",
					"\"Mobcom/Plugins/cordova-plugin-hockeyapp\"",
				);
				GCC_DYNAMIC_NO_PIC = NO;
				GCC_OPTIMIZATION_LEVEL = 0;
				GCC_PRECOMPILE_PREFIX_HEADER = YES;
				GCC_PREFIX_HEADER = "Mobcom/Mobcom-Prefix.pch";
				GCC_THUMB_SUPPORT = NO;
				GCC_VERSION = "";
				INFOPLIST_FILE = "Mobcom/Mobcom-Info.plist";
				IPHONEOS_DEPLOYMENT_TARGET = 8.0;
				LD_RUNPATH_SEARCH_PATHS = "@executable_path/Frameworks";
				PRODUCT_BUNDLE_IDENTIFIER = com.mobcom.altius;
				PRODUCT_NAME = Mobcom;
				PROVISIONING_PROFILE = "739a9686-078e-4d97-ae75-5f70bf8afc1f";
				PROVISIONING_PROFILE_SPECIFIER = Mobcomdis;
				TARGETED_DEVICE_FAMILY = "1,2";
			};
			name = Debug;
		};
		1D6058950D05DD3E006BFB54 /* Release */ = {
			isa = XCBuildConfiguration;
			baseConfigurationReference = 3047A5101AB8059700498E2A /* build-release.xcconfig */;
			buildSettings = {
				ALWAYS_SEARCH_USER_PATHS = NO;
				ASSETCATALOG_COMPILER_APPICON_NAME = AppIcon;
				ASSETCATALOG_COMPILER_LAUNCHIMAGE_NAME = LaunchImage;
				CLANG_ENABLE_MODULES = YES;
				CLANG_ENABLE_OBJC_ARC = YES;
				CODE_SIGN_IDENTITY = "iPhone Distribution";
				CODE_SIGN_STYLE = Manual;
				COPY_PHASE_STRIP = YES;
				DEVELOPMENT_TEAM = 8S86SJF36W;
				FRAMEWORK_SEARCH_PATHS = (
					"$(inherited)",
					"\"Mobcom/Plugins/cordova-plugin-hockeyapp\"",
				);
				GCC_PRECOMPILE_PREFIX_HEADER = YES;
				GCC_PREFIX_HEADER = "Mobcom/Mobcom-Prefix.pch";
				GCC_THUMB_SUPPORT = NO;
				GCC_VERSION = "";
				INFOPLIST_FILE = "Mobcom/Mobcom-Info.plist";
				IPHONEOS_DEPLOYMENT_TARGET = 8.0;
				LD_RUNPATH_SEARCH_PATHS = "@executable_path/Frameworks";
				PRODUCT_BUNDLE_IDENTIFIER = com.mobcom.altius;
				PRODUCT_NAME = Mobcom;
				PROVISIONING_PROFILE = "739a9686-078e-4d97-ae75-5f70bf8afc1f";
				PROVISIONING_PROFILE_SPECIFIER = Mobcomdis;
				TARGETED_DEVICE_FAMILY = "1,2";
			};
			name = Release;
		};
		C01FCF4F08A954540054247B /* Debug */ = {
			isa = XCBuildConfiguration;
			baseConfigurationReference = 3047A5111AB8059700498E2A /* build.xcconfig */;
			buildSettings = {
				ASSETCATALOG_COMPILER_LAUNCHIMAGE_NAME = LaunchImage;
				CLANG_ENABLE_MODULES = YES;
				CLANG_ENABLE_OBJC_ARC = YES;
				CLANG_WARN_BLOCK_CAPTURE_AUTORELEASING = YES;
				CLANG_WARN_BOOL_CONVERSION = YES;
				CLANG_WARN_COMMA = YES;
				CLANG_WARN_CONSTANT_CONVERSION = YES;
				CLANG_WARN_DEPRECATED_OBJC_IMPLEMENTATIONS = YES;
				CLANG_WARN_EMPTY_BODY = YES;
				CLANG_WARN_ENUM_CONVERSION = YES;
				CLANG_WARN_INFINITE_RECURSION = YES;
				CLANG_WARN_INT_CONVERSION = YES;
				CLANG_WARN_NON_LITERAL_NULL_CONVERSION = YES;
				CLANG_WARN_OBJC_IMPLICIT_RETAIN_SELF = YES;
				CLANG_WARN_OBJC_LITERAL_CONVERSION = YES;
				CLANG_WARN_RANGE_LOOP_ANALYSIS = YES;
				CLANG_WARN_STRICT_PROTOTYPES = YES;
				CLANG_WARN_SUSPICIOUS_MOVE = YES;
				CLANG_WARN_UNREACHABLE_CODE = YES;
				CLANG_WARN__DUPLICATE_METHOD_MATCH = YES;
				ENABLE_STRICT_OBJC_MSGSEND = YES;
				ENABLE_TESTABILITY = YES;
				GCC_C_LANGUAGE_STANDARD = c99;
				GCC_NO_COMMON_BLOCKS = YES;
				GCC_THUMB_SUPPORT = NO;
				GCC_VERSION = "";
				GCC_WARN_64_TO_32_BIT_CONVERSION = YES;
				GCC_WARN_ABOUT_RETURN_TYPE = YES;
				GCC_WARN_UNDECLARED_SELECTOR = YES;
				GCC_WARN_UNINITIALIZED_AUTOS = YES;
				GCC_WARN_UNUSED_FUNCTION = YES;
				GCC_WARN_UNUSED_VARIABLE = YES;
				ONLY_ACTIVE_ARCH = YES;
				SDKROOT = iphoneos;
				SKIP_INSTALL = NO;
			};
			name = Debug;
		};
		C01FCF5008A954540054247B /* Release */ = {
			isa = XCBuildConfiguration;
			baseConfigurationReference = 3047A5111AB8059700498E2A /* build.xcconfig */;
			buildSettings = {
				ASSETCATALOG_COMPILER_LAUNCHIMAGE_NAME = LaunchImage;
				CLANG_ENABLE_MODULES = YES;
				CLANG_ENABLE_OBJC_ARC = YES;
				CLANG_WARN_BLOCK_CAPTURE_AUTORELEASING = YES;
				CLANG_WARN_BOOL_CONVERSION = YES;
				CLANG_WARN_COMMA = YES;
				CLANG_WARN_CONSTANT_CONVERSION = YES;
				CLANG_WARN_DEPRECATED_OBJC_IMPLEMENTATIONS = YES;
				CLANG_WARN_EMPTY_BODY = YES;
				CLANG_WARN_ENUM_CONVERSION = YES;
				CLANG_WARN_INFINITE_RECURSION = YES;
				CLANG_WARN_INT_CONVERSION = YES;
				CLANG_WARN_NON_LITERAL_NULL_CONVERSION = YES;
				CLANG_WARN_OBJC_IMPLICIT_RETAIN_SELF = YES;
				CLANG_WARN_OBJC_LITERAL_CONVERSION = YES;
				CLANG_WARN_RANGE_LOOP_ANALYSIS = YES;
				CLANG_WARN_STRICT_PROTOTYPES = YES;
				CLANG_WARN_SUSPICIOUS_MOVE = YES;
				CLANG_WARN_UNREACHABLE_CODE = YES;
				CLANG_WARN__DUPLICATE_METHOD_MATCH = YES;
				ENABLE_STRICT_OBJC_MSGSEND = YES;
				GCC_C_LANGUAGE_STANDARD = c99;
				GCC_NO_COMMON_BLOCKS = YES;
				GCC_THUMB_SUPPORT = NO;
				GCC_VERSION = "";
				GCC_WARN_64_TO_32_BIT_CONVERSION = YES;
				GCC_WARN_ABOUT_RETURN_TYPE = YES;
				GCC_WARN_UNDECLARED_SELECTOR = YES;
				GCC_WARN_UNINITIALIZED_AUTOS = YES;
				GCC_WARN_UNUSED_FUNCTION = YES;
				GCC_WARN_UNUSED_VARIABLE = YES;
				SDKROOT = iphoneos;
				SKIP_INSTALL = NO;
			};
			name = Release;
		};
/* End XCBuildConfiguration section */

/* Begin XCConfigurationList section */
		1D6058960D05DD3E006BFB54 /* Build configuration list for PBXNativeTarget "Mobcom" */ = {
			isa = XCConfigurationList;
			buildConfigurations = (
				1D6058940D05DD3E006BFB54 /* Debug */,
				1D6058950D05DD3E006BFB54 /* Release */,
			);
			defaultConfigurationIsVisible = 0;
			defaultConfigurationName = Release;
		};
		C01FCF4E08A954540054247B /* Build configuration list for PBXProject "Mobcom" */ = {
			isa = XCConfigurationList;
			buildConfigurations = (
				C01FCF4F08A954540054247B /* Debug */,
				C01FCF5008A954540054247B /* Release */,
			);
			defaultConfigurationIsVisible = 0;
			defaultConfigurationName = Release;
		};
/* End XCConfigurationList section */
	};
	rootObject = 29B97313FDCFA39411CA2CEA /* Project object */;
}
